// !$*UTF8*$!
{
	archiveVersion = 1;
	classes = {
	};
	objectVersion = 56;
	objects = {

/* Begin PBXBuildFile section */
		22627F162BCEAA0600A01884 /* ClipboardResponse.swift in Sources */ = {isa = PBXBuildFile; fileRef = 22627F152BCEAA0600A01884 /* ClipboardResponse.swift */; };
		2262BD852BCD9DA700775193 /* DNSServerType.swift in Sources */ = {isa = PBXBuildFile; fileRef = 2262BD842BCD9DA700775193 /* DNSServerType.swift */; };
		2280CF942C623CF600A95F03 /* RevenueCat in Frameworks */ = {isa = PBXBuildFile; productRef = 2280CF932C623CF600A95F03 /* RevenueCat */; };
		2280CF972C623EF300A95F03 /* PurchasesRouteCollection.swift in Sources */ = {isa = PBXBuildFile; fileRef = 2280CF962C623EF300A95F03 /* PurchasesRouteCollection.swift */; };
		2280CF9A2C623FF700A95F03 /* APIKeyModel.swift in Sources */ = {isa = PBXBuildFile; fileRef = 2280CF992C623FF700A95F03 /* APIKeyModel.swift */; };
		2280CF9C2C624A7D00A95F03 /* Products.swift in Sources */ = {isa = PBXBuildFile; fileRef = 2280CF9B2C624A7D00A95F03 /* Products.swift */; };
		2280CF9E2C62576900A95F03 /* StoreKit.framework in Frameworks */ = {isa = PBXBuildFile; fileRef = 2280CF9D2C62576900A95F03 /* StoreKit.framework */; };
		228813A72B7B912C00240DEE /* LogHandler+Vapor.swift in Sources */ = {isa = PBXBuildFile; fileRef = 228813A62B7B912B00240DEE /* LogHandler+Vapor.swift */; };
		228813AB2B7B9CAC00240DEE /* LogFile.swift in Sources */ = {isa = PBXBuildFile; fileRef = 228813AA2B7B9CAC00240DEE /* LogFile.swift */; };
		228813AD2B7B9CBA00240DEE /* LogsService.swift in Sources */ = {isa = PBXBuildFile; fileRef = 228813AC2B7B9CBA00240DEE /* LogsService.swift */; };
		228DC9452BBF035F00EFAAB9 /* PrivacyInfo.xcprivacy in Resources */ = {isa = PBXBuildFile; fileRef = 228DC9442BBF035F00EFAAB9 /* PrivacyInfo.xcprivacy */; };
		228DC9472BBF0C0D00EFAAB9 /* PrivacyInfo.xcprivacy in Resources */ = {isa = PBXBuildFile; fileRef = 228DC9462BBF0C0D00EFAAB9 /* PrivacyInfo.xcprivacy */; };
		228DC9492BBF0F6900EFAAB9 /* PrivacyInfo.xcprivacy in Resources */ = {isa = PBXBuildFile; fileRef = 228DC9482BBF0F6900EFAAB9 /* PrivacyInfo.xcprivacy */; };
		22BBD7242BB16EC000229FDD /* OpenBrowserRequest.swift in Sources */ = {isa = PBXBuildFile; fileRef = 22BBD7232BB16EC000229FDD /* OpenBrowserRequest.swift */; };
		22C216712B31BCD80023824E /* PostSessionRequest.swift in Sources */ = {isa = PBXBuildFile; fileRef = 22C216702B31BCD80023824E /* PostSessionRequest.swift */; };
		22C216732B31DEC10023824E /* ConnectionResponse.swift in Sources */ = {isa = PBXBuildFile; fileRef = 22C216722B31DEC10023824E /* ConnectionResponse.swift */; };
		22C96ACC2B03BA500010CC0D /* XrayKit.xcframework in Frameworks */ = {isa = PBXBuildFile; fileRef = 22C96ACB2B03BA4F0010CC0D /* XrayKit.xcframework */; };
		22C96AD02B03C7C40010CC0D /* Tun2SocksKit in Frameworks */ = {isa = PBXBuildFile; productRef = 22C96ACF2B03C7C40010CC0D /* Tun2SocksKit */; };
		22D0C7732B76761000E43752 /* VersionResponse.swift in Sources */ = {isa = PBXBuildFile; fileRef = 22D0C7722B76761000E43752 /* VersionResponse.swift */; };
		751ADB6D2ACC5E3600CC736B /* WireGuardKit in Frameworks */ = {isa = PBXBuildFile; productRef = 751ADB6C2ACC5E3600CC736B /* WireGuardKit */; };
		751ADB762ACC60DC00CC736B /* KeychainAccess in Frameworks */ = {isa = PBXBuildFile; productRef = 751ADB752ACC60DC00CC736B /* KeychainAccess */; };
		751ADB7C2ACC610500CC736B /* SwiftyBeaver in Frameworks */ = {isa = PBXBuildFile; productRef = 751ADB7B2ACC610500CC736B /* SwiftyBeaver */; };
		751ADB7D2ACC611C00CC736B /* NetworkExtension.framework in Frameworks */ = {isa = PBXBuildFile; fileRef = 75BE9E9F2ACC522900C01064 /* NetworkExtension.framework */; };
		751ADB802ACC61BA00CC736B /* libresolv.9.tbd in Frameworks */ = {isa = PBXBuildFile; fileRef = 751ADB7F2ACC61B500CC736B /* libresolv.9.tbd */; };
		751ADB822ACC61C000CC736B /* SwiftyBeaver in Frameworks */ = {isa = PBXBuildFile; productRef = 751ADB812ACC61C000CC736B /* SwiftyBeaver */; };
		751ADB842ACC61CB00CC736B /* SwiftyBeaver in Frameworks */ = {isa = PBXBuildFile; productRef = 751ADB832ACC61CB00CC736B /* SwiftyBeaver */; };
		751ADBA52ACC62F400CC736B /* Config.swift in Sources */ = {isa = PBXBuildFile; fileRef = 751ADB882ACC62F400CC736B /* Config.swift */; };
		751ADBA62ACC62F400CC736B /* Keychain.swift in Sources */ = {isa = PBXBuildFile; fileRef = 751ADB892ACC62F400CC736B /* Keychain.swift */; };
		751ADBA72ACC62F400CC736B /* NETunnelProviderProtocol+Extension.swift in Sources */ = {isa = PBXBuildFile; fileRef = 751ADB8B2ACC62F400CC736B /* NETunnelProviderProtocol+Extension.swift */; };
		751ADBA82ACC62F400CC736B /* TunnelConfiguration+WireGuardConfig.swift in Sources */ = {isa = PBXBuildFile; fileRef = 751ADB8C2ACC62F400CC736B /* TunnelConfiguration+WireGuardConfig.swift */; };
		751ADBA92ACC62F400CC736B /* String+ArrayConversion.swift in Sources */ = {isa = PBXBuildFile; fileRef = 751ADB8D2ACC62F400CC736B /* String+ArrayConversion.swift */; };
		751ADBAA2ACC62F400CC736B /* ConfigurationParseError.swift in Sources */ = {isa = PBXBuildFile; fileRef = 751ADB8E2ACC62F400CC736B /* ConfigurationParseError.swift */; };
		751ADBAB2ACC62F400CC736B /* XEncryption.swift in Sources */ = {isa = PBXBuildFile; fileRef = 751ADB912ACC62F400CC736B /* XEncryption.swift */; };
		751ADBAC2ACC62F400CC736B /* XHeaderType.swift in Sources */ = {isa = PBXBuildFile; fileRef = 751ADB922ACC62F400CC736B /* XHeaderType.swift */; };
		751ADBAD2ACC62F400CC736B /* VMess.swift in Sources */ = {isa = PBXBuildFile; fileRef = 751ADB932ACC62F400CC736B /* VMess.swift */; };
		751ADBAE2ACC62F400CC736B /* XNetwork.swift in Sources */ = {isa = PBXBuildFile; fileRef = 751ADB942ACC62F400CC736B /* XNetwork.swift */; };
		751ADBAF2ACC62F400CC736B /* StreamSettings.swift in Sources */ = {isa = PBXBuildFile; fileRef = 751ADB952ACC62F400CC736B /* StreamSettings.swift */; };
		751ADBB02ACC62F400CC736B /* XConfiguration.swift in Sources */ = {isa = PBXBuildFile; fileRef = 751ADB962ACC62F400CC736B /* XConfiguration.swift */; };
		751ADBB12ACC62F400CC736B /* Fingerprint.swift in Sources */ = {isa = PBXBuildFile; fileRef = 751ADB972ACC62F400CC736B /* Fingerprint.swift */; };
		751ADBB22ACC62F400CC736B /* XSecurity.swift in Sources */ = {isa = PBXBuildFile; fileRef = 751ADB982ACC62F400CC736B /* XSecurity.swift */; };
		751ADBB32ACC62F400CC736B /* ALPN.swift in Sources */ = {isa = PBXBuildFile; fileRef = 751ADB992ACC62F400CC736B /* ALPN.swift */; };
		751ADBB42ACC62F400CC736B /* Route.swift in Sources */ = {isa = PBXBuildFile; fileRef = 751ADB9A2ACC62F400CC736B /* Route.swift */; };
		751ADBB52ACC62F400CC736B /* XModel.swift in Sources */ = {isa = PBXBuildFile; fileRef = 751ADB9C2ACC62F400CC736B /* XModel.swift */; };
		751ADBB62ACC62F400CC736B /* XLogModel.swift in Sources */ = {isa = PBXBuildFile; fileRef = 751ADB9D2ACC62F400CC736B /* XLogModel.swift */; };
		751ADBB72ACC62F400CC736B /* SniffingModel.swift in Sources */ = {isa = PBXBuildFile; fileRef = 751ADB9E2ACC62F400CC736B /* SniffingModel.swift */; };
		751ADBB82ACC62F400CC736B /* NetworkModel.swift in Sources */ = {isa = PBXBuildFile; fileRef = 751ADB9F2ACC62F400CC736B /* NetworkModel.swift */; };
		751ADBB92ACC62F400CC736B /* Bundle+Ext.swift in Sources */ = {isa = PBXBuildFile; fileRef = 751ADBA12ACC62F400CC736B /* Bundle+Ext.swift */; };
		751ADBBA2ACC62F400CC736B /* NSError+Ext.swift in Sources */ = {isa = PBXBuildFile; fileRef = 751ADBA22ACC62F400CC736B /* NSError+Ext.swift */; };
		751ADBBB2ACC62F400CC736B /* UserDefaults+Ext.swift in Sources */ = {isa = PBXBuildFile; fileRef = 751ADBA32ACC62F400CC736B /* UserDefaults+Ext.swift */; };
		751ADBBC2ACC62F400CC736B /* XConstant.swift in Sources */ = {isa = PBXBuildFile; fileRef = 751ADBA42ACC62F400CC736B /* XConstant.swift */; };
		751ADBC32ACC62FD00CC736B /* XConstant+Ext.swift in Sources */ = {isa = PBXBuildFile; fileRef = 751ADBBE2ACC62FD00CC736B /* XConstant+Ext.swift */; };
		751ADBC42ACC62FD00CC736B /* XConfiguration+Ext.swift in Sources */ = {isa = PBXBuildFile; fileRef = 751ADBBF2ACC62FD00CC736B /* XConfiguration+Ext.swift */; };
		751ADBC52ACC62FD00CC736B /* SniffingModel+Ext.swift in Sources */ = {isa = PBXBuildFile; fileRef = 751ADBC02ACC62FD00CC736B /* SniffingModel+Ext.swift */; };
		751ADBC62ACC62FD00CC736B /* XRouteModel+Ext.swift in Sources */ = {isa = PBXBuildFile; fileRef = 751ADBC12ACC62FD00CC736B /* XRouteModel+Ext.swift */; };
		751ADBC72ACC62FD00CC736B /* XModel+Ext.swift in Sources */ = {isa = PBXBuildFile; fileRef = 751ADBC22ACC62FD00CC736B /* XModel+Ext.swift */; };
		751ADBC82ACC638800CC736B /* VMess.swift in Sources */ = {isa = PBXBuildFile; fileRef = 751ADB932ACC62F400CC736B /* VMess.swift */; };
		751ADBC92ACC638800CC736B /* NSError+Ext.swift in Sources */ = {isa = PBXBuildFile; fileRef = 751ADBA22ACC62F400CC736B /* NSError+Ext.swift */; };
		751ADBCA2ACC638800CC736B /* XLogModel.swift in Sources */ = {isa = PBXBuildFile; fileRef = 751ADB9D2ACC62F400CC736B /* XLogModel.swift */; };
		751ADBCB2ACC638800CC736B /* NetworkModel.swift in Sources */ = {isa = PBXBuildFile; fileRef = 751ADB9F2ACC62F400CC736B /* NetworkModel.swift */; };
		751ADBCC2ACC638800CC736B /* XEncryption.swift in Sources */ = {isa = PBXBuildFile; fileRef = 751ADB912ACC62F400CC736B /* XEncryption.swift */; };
		751ADBCD2ACC638800CC736B /* XConfiguration.swift in Sources */ = {isa = PBXBuildFile; fileRef = 751ADB962ACC62F400CC736B /* XConfiguration.swift */; };
		751ADBCE2ACC638800CC736B /* StreamSettings.swift in Sources */ = {isa = PBXBuildFile; fileRef = 751ADB952ACC62F400CC736B /* StreamSettings.swift */; };
		751ADBCF2ACC638800CC736B /* XNetwork.swift in Sources */ = {isa = PBXBuildFile; fileRef = 751ADB942ACC62F400CC736B /* XNetwork.swift */; };
		751ADBD02ACC638800CC736B /* XHeaderType.swift in Sources */ = {isa = PBXBuildFile; fileRef = 751ADB922ACC62F400CC736B /* XHeaderType.swift */; };
		751ADBD12ACC638800CC736B /* XSecurity.swift in Sources */ = {isa = PBXBuildFile; fileRef = 751ADB982ACC62F400CC736B /* XSecurity.swift */; };
		751ADBD22ACC638800CC736B /* SniffingModel.swift in Sources */ = {isa = PBXBuildFile; fileRef = 751ADB9E2ACC62F400CC736B /* SniffingModel.swift */; };
		751ADBD32ACC638800CC736B /* Bundle+Ext.swift in Sources */ = {isa = PBXBuildFile; fileRef = 751ADBA12ACC62F400CC736B /* Bundle+Ext.swift */; };
		751ADBD42ACC638800CC736B /* UserDefaults+Ext.swift in Sources */ = {isa = PBXBuildFile; fileRef = 751ADBA32ACC62F400CC736B /* UserDefaults+Ext.swift */; };
		751ADBD52ACC638800CC736B /* XConstant.swift in Sources */ = {isa = PBXBuildFile; fileRef = 751ADBA42ACC62F400CC736B /* XConstant.swift */; };
		751ADBD62ACC638800CC736B /* Route.swift in Sources */ = {isa = PBXBuildFile; fileRef = 751ADB9A2ACC62F400CC736B /* Route.swift */; };
		751ADBD72ACC638800CC736B /* XModel.swift in Sources */ = {isa = PBXBuildFile; fileRef = 751ADB9C2ACC62F400CC736B /* XModel.swift */; };
		751ADBD82ACC638800CC736B /* Fingerprint.swift in Sources */ = {isa = PBXBuildFile; fileRef = 751ADB972ACC62F400CC736B /* Fingerprint.swift */; };
		751ADBD92ACC638800CC736B /* ALPN.swift in Sources */ = {isa = PBXBuildFile; fileRef = 751ADB992ACC62F400CC736B /* ALPN.swift */; };
		751ADBDA2ACC638D00CC736B /* TunnelConfiguration+WireGuardConfig.swift in Sources */ = {isa = PBXBuildFile; fileRef = 751ADB8C2ACC62F400CC736B /* TunnelConfiguration+WireGuardConfig.swift */; };
		751ADBDB2ACC638D00CC736B /* NETunnelProviderProtocol+Extension.swift in Sources */ = {isa = PBXBuildFile; fileRef = 751ADB8B2ACC62F400CC736B /* NETunnelProviderProtocol+Extension.swift */; };
		751ADBDC2ACC638D00CC736B /* String+ArrayConversion.swift in Sources */ = {isa = PBXBuildFile; fileRef = 751ADB8D2ACC62F400CC736B /* String+ArrayConversion.swift */; };
		751ADBDD2ACC638D00CC736B /* ConfigurationParseError.swift in Sources */ = {isa = PBXBuildFile; fileRef = 751ADB8E2ACC62F400CC736B /* ConfigurationParseError.swift */; };
		751ADBDF2ACC639400CC736B /* Keychain.swift in Sources */ = {isa = PBXBuildFile; fileRef = 751ADB892ACC62F400CC736B /* Keychain.swift */; };
		751ADBE02ACC639B00CC736B /* Config.swift in Sources */ = {isa = PBXBuildFile; fileRef = 751ADB882ACC62F400CC736B /* Config.swift */; };
		751ADBE12ACC639C00CC736B /* Config.swift in Sources */ = {isa = PBXBuildFile; fileRef = 751ADB882ACC62F400CC736B /* Config.swift */; };
		751ADBE22ACC650600CC736B /* Bundle+Ext.swift in Sources */ = {isa = PBXBuildFile; fileRef = 751ADBA12ACC62F400CC736B /* Bundle+Ext.swift */; };
		751ADBE52ACC664E00CC736B /* Vapor in Frameworks */ = {isa = PBXBuildFile; productRef = 751ADBE42ACC664E00CC736B /* Vapor */; };
		751ADBF62ACC66FA00CC736B /* ClientConstants.swift in Sources */ = {isa = PBXBuildFile; fileRef = 751ADBE82ACC66FA00CC736B /* ClientConstants.swift */; };
		751ADBF72ACC66FA00CC736B /* NotificationToken.swift in Sources */ = {isa = PBXBuildFile; fileRef = 751ADBE92ACC66FA00CC736B /* NotificationToken.swift */; };
		751ADBF82ACC66FA00CC736B /* NETunnelProviderManager+Ext.swift in Sources */ = {isa = PBXBuildFile; fileRef = 751ADBEC2ACC66FA00CC736B /* NETunnelProviderManager+Ext.swift */; };
		751ADBF92ACC66FA00CC736B /* NEVPNManager+Ext.swift in Sources */ = {isa = PBXBuildFile; fileRef = 751ADBED2ACC66FA00CC736B /* NEVPNManager+Ext.swift */; };
		751ADBFA2ACC66FA00CC736B /* TunnelConfiguration+Ext.swift in Sources */ = {isa = PBXBuildFile; fileRef = 751ADBEE2ACC66FA00CC736B /* TunnelConfiguration+Ext.swift */; };
		751ADBFB2ACC66FA00CC736B /* NEVPNStatus+Ext.swift in Sources */ = {isa = PBXBuildFile; fileRef = 751ADBEF2ACC66FA00CC736B /* NEVPNStatus+Ext.swift */; };
		751ADBFD2ACC66FA00CC736B /* Encodable+Ext.swift in Sources */ = {isa = PBXBuildFile; fileRef = 751ADBF32ACC66FA00CC736B /* Encodable+Ext.swift */; };
		751ADBFE2ACC66FA00CC736B /* Array+Ext.swift in Sources */ = {isa = PBXBuildFile; fileRef = 751ADBF42ACC66FA00CC736B /* Array+Ext.swift */; };
		751ADBFF2ACC66FA00CC736B /* Data+Ext.swift in Sources */ = {isa = PBXBuildFile; fileRef = 751ADBF52ACC66FA00CC736B /* Data+Ext.swift */; };
		751ADC492ACD886400CC736B /* StoresGeneralInfo.swift in Sources */ = {isa = PBXBuildFile; fileRef = 751ADC042ACD886300CC736B /* StoresGeneralInfo.swift */; };
		751ADC4A2ACD886400CC736B /* GeneralSettingsStorage.swift in Sources */ = {isa = PBXBuildFile; fileRef = 751ADC052ACD886300CC736B /* GeneralSettingsStorage.swift */; };
		751ADC4D2ACD886400CC736B /* TunnelManager.swift in Sources */ = {isa = PBXBuildFile; fileRef = 751ADC0B2ACD886300CC736B /* TunnelManager.swift */; };
		751ADC4E2ACD886400CC736B /* TunnelManagerType.swift in Sources */ = {isa = PBXBuildFile; fileRef = 751ADC0C2ACD886300CC736B /* TunnelManagerType.swift */; };
		751ADC4F2ACD886400CC736B /* TunnelChanges.swift in Sources */ = {isa = PBXBuildFile; fileRef = 751ADC0E2ACD886300CC736B /* TunnelChanges.swift */; };
		751ADC502ACD886400CC736B /* TunnelInterfaceModel.swift in Sources */ = {isa = PBXBuildFile; fileRef = 751ADC0F2ACD886300CC736B /* TunnelInterfaceModel.swift */; };
		751ADC512ACD886400CC736B /* PeersModel.swift in Sources */ = {isa = PBXBuildFile; fileRef = 751ADC102ACD886300CC736B /* PeersModel.swift */; };
		751ADC522ACD886400CC736B /* TunnelSavingError.swift in Sources */ = {isa = PBXBuildFile; fileRef = 751ADC112ACD886300CC736B /* TunnelSavingError.swift */; };
		751ADC532ACD886400CC736B /* TunnelModel.swift in Sources */ = {isa = PBXBuildFile; fileRef = 751ADC122ACD886300CC736B /* TunnelModel.swift */; };
		751ADC552ACD886400CC736B /* TunnelStatus.swift in Sources */ = {isa = PBXBuildFile; fileRef = 751ADC152ACD886300CC736B /* TunnelStatus.swift */; };
		751ADC562ACD886400CC736B /* TunnelContainer.swift in Sources */ = {isa = PBXBuildFile; fileRef = 751ADC162ACD886300CC736B /* TunnelContainer.swift */; };
		751ADC572ACD886400CC736B /* TunnelsServiceStatusDelegate.swift in Sources */ = {isa = PBXBuildFile; fileRef = 751ADC172ACD886300CC736B /* TunnelsServiceStatusDelegate.swift */; };
		751ADC582ACD886400CC736B /* TunnelsService.swift in Sources */ = {isa = PBXBuildFile; fileRef = 751ADC182ACD886300CC736B /* TunnelsService.swift */; };
		751ADC592ACD886400CC736B /* StoresTunnelsInfo.swift in Sources */ = {isa = PBXBuildFile; fileRef = 751ADC192ACD886300CC736B /* StoresTunnelsInfo.swift */; };
		751ADC5A2ACD886400CC736B /* UserDefaultsStorageStrategy.swift in Sources */ = {isa = PBXBuildFile; fileRef = 751ADC1B2ACD886300CC736B /* UserDefaultsStorageStrategy.swift */; };
		751ADC5B2ACD886400CC736B /* SettingsStorageStrategyType.swift in Sources */ = {isa = PBXBuildFile; fileRef = 751ADC1C2ACD886300CC736B /* SettingsStorageStrategyType.swift */; };
		751ADC5C2ACD886400CC736B /* KeychainStorageStrategy.swift in Sources */ = {isa = PBXBuildFile; fileRef = 751ADC1D2ACD886300CC736B /* KeychainStorageStrategy.swift */; };
		751ADC5D2ACD886400CC736B /* Serializer.swift in Sources */ = {isa = PBXBuildFile; fileRef = 751ADC1E2ACD886300CC736B /* Serializer.swift */; };
		751ADC662ACD886400CC736B /* DataRequest.swift in Sources */ = {isa = PBXBuildFile; fileRef = 751ADC2F2ACD886400CC736B /* DataRequest.swift */; };
		751ADC822ACD8AE100CC736B /* ApplicationConfiguration.swift in Sources */ = {isa = PBXBuildFile; fileRef = 751ADC802ACD8AE100CC736B /* ApplicationConfiguration.swift */; };
		751ADC8A2ACD92F200CC736B /* Server.swift in Sources */ = {isa = PBXBuildFile; fileRef = 751ADC892ACD92F200CC736B /* Server.swift */; };
		751ADC8E2AD0204100CC736B /* AppDelegate.swift in Sources */ = {isa = PBXBuildFile; fileRef = 751ADC8D2AD0204100CC736B /* AppDelegate.swift */; };
		751ADC902AD0209000CC736B /* SceneDelegate.swift in Sources */ = {isa = PBXBuildFile; fileRef = 751ADC8F2AD0209000CC736B /* SceneDelegate.swift */; };
		751ADC922AD020BD00CC736B /* ViewController.swift in Sources */ = {isa = PBXBuildFile; fileRef = 751ADC912AD020BD00CC736B /* ViewController.swift */; };
		751ADCBD2AD023DC00CC736B /* Main.storyboard in Resources */ = {isa = PBXBuildFile; fileRef = 751ADCBB2AD023DC00CC736B /* Main.storyboard */; };
		751ADCC02AD023F800CC736B /* LaunchScreen.storyboard in Resources */ = {isa = PBXBuildFile; fileRef = 751ADCBE2AD023F800CC736B /* LaunchScreen.storyboard */; };
		75B28B5A2AD5718C003BDD1D /* TunnelRouteCollection.swift in Sources */ = {isa = PBXBuildFile; fileRef = 75B28B592AD5718C003BDD1D /* TunnelRouteCollection.swift */; };
		75B28B5D2AD57373003BDD1D /* TunnelStatusResponse.swift in Sources */ = {isa = PBXBuildFile; fileRef = 75B28B5C2AD57373003BDD1D /* TunnelStatusResponse.swift */; };
		75B28B5F2AD58802003BDD1D /* ConnectionCredentials.swift in Sources */ = {isa = PBXBuildFile; fileRef = 75B28B5E2AD58802003BDD1D /* ConnectionCredentials.swift */; };
		75B28B612AD5881B003BDD1D /* ServerProtocol.swift in Sources */ = {isa = PBXBuildFile; fileRef = 75B28B602AD5881B003BDD1D /* ServerProtocol.swift */; };
		75B28B642AD58956003BDD1D /* ProxyRouteCollection.swift in Sources */ = {isa = PBXBuildFile; fileRef = 75B28B632AD58956003BDD1D /* ProxyRouteCollection.swift */; };
		75B28B672AD59B3D003BDD1D /* Request+Ext.swift in Sources */ = {isa = PBXBuildFile; fileRef = 75B28B662AD59B3D003BDD1D /* Request+Ext.swift */; };
		75B89F2C2AE1A53D00B242B4 /* SentinelWallet in Frameworks */ = {isa = PBXBuildFile; productRef = 75B89F2B2AE1A53D00B242B4 /* SentinelWallet */; };
		75B89F2F2AE1A56C00B242B4 /* BlockchainRouteCollection.swift in Sources */ = {isa = PBXBuildFile; fileRef = 75B89F2E2AE1A56C00B242B4 /* BlockchainRouteCollection.swift */; };
		75B89F322AE1A69600B242B4 /* PaginationKeys.swift in Sources */ = {isa = PBXBuildFile; fileRef = 75B89F312AE1A69600B242B4 /* PaginationKeys.swift */; };
		75B89F342AE2A9C100B242B4 /* PostWalletRequest.swift in Sources */ = {isa = PBXBuildFile; fileRef = 75B89F332AE2A9C100B242B4 /* PostWalletRequest.swift */; };
		75B89F362AE2A9F300B242B4 /* Wallet.swift in Sources */ = {isa = PBXBuildFile; fileRef = 75B89F352AE2A9F300B242B4 /* Wallet.swift */; };
		75B89F382AE2AD2900B242B4 /* EndpointModel.swift in Sources */ = {isa = PBXBuildFile; fileRef = 75B89F372AE2AD2900B242B4 /* EndpointModel.swift */; };
		75BE9E8C2ACACD2600C01064 /* Assets.xcassets in Resources */ = {isa = PBXBuildFile; fileRef = 75BE9E8B2ACACD2600C01064 /* Assets.xcassets */; };
		75BE9E8F2ACACD2600C01064 /* Preview Assets.xcassets in Resources */ = {isa = PBXBuildFile; fileRef = 75BE9E8E2ACACD2600C01064 /* Preview Assets.xcassets */; };
		75BE9EA02ACC522900C01064 /* NetworkExtension.framework in Frameworks */ = {isa = PBXBuildFile; fileRef = 75BE9E9F2ACC522900C01064 /* NetworkExtension.framework */; };
		75BE9EA32ACC522900C01064 /* PacketTunnelProvider.swift in Sources */ = {isa = PBXBuildFile; fileRef = 75BE9EA22ACC522900C01064 /* PacketTunnelProvider.swift */; };
		75BE9EA82ACC522900C01064 /* V2RayExtension.appex in Embed Foundation Extensions */ = {isa = PBXBuildFile; fileRef = 75BE9E9D2ACC522900C01064 /* V2RayExtension.appex */; settings = {ATTRIBUTES = (RemoveHeadersOnCopy, ); }; };
		75BE9EB22ACC523600C01064 /* NetworkExtension.framework in Frameworks */ = {isa = PBXBuildFile; fileRef = 75BE9E9F2ACC522900C01064 /* NetworkExtension.framework */; };
		75BE9EB52ACC523600C01064 /* PacketTunnelProvider.swift in Sources */ = {isa = PBXBuildFile; fileRef = 75BE9EB42ACC523600C01064 /* PacketTunnelProvider.swift */; };
		75BE9EBA2ACC523600C01064 /* WireGuardExtension.appex in Embed Foundation Extensions */ = {isa = PBXBuildFile; fileRef = 75BE9EB12ACC523600C01064 /* WireGuardExtension.appex */; settings = {ATTRIBUTES = (RemoveHeadersOnCopy, ); }; };
		75BE9EC22ACC53FB00C01064 /* WireGuardKit in Frameworks */ = {isa = PBXBuildFile; productRef = 75BE9EC12ACC53FB00C01064 /* WireGuardKit */; };
		75CFB4DE2AD0288C00DC395C /* PostDNSResponse.swift in Sources */ = {isa = PBXBuildFile; fileRef = 75CFB4D12AD0288C00DC395C /* PostDNSResponse.swift */; };
		75CFB4E02AD0288C00DC395C /* DNSRouteCollection.swift in Sources */ = {isa = PBXBuildFile; fileRef = 75CFB4D32AD0288C00DC395C /* DNSRouteCollection.swift */; };
		75CFB4E22AD0291B00DC395C /* DefaultEncoder.swift in Sources */ = {isa = PBXBuildFile; fileRef = 75CFB4E12AD0291B00DC395C /* DefaultEncoder.swift */; };
		75CFB4E82AD0417900DC395C /* StorageRouteCollection.swift in Sources */ = {isa = PBXBuildFile; fileRef = 75CFB4E72AD0417900DC395C /* StorageRouteCollection.swift */; };
		75CFB4EB2AD0418800DC395C /* LocalValue.swift in Sources */ = {isa = PBXBuildFile; fileRef = 75CFB4EA2AD0418800DC395C /* LocalValue.swift */; };
/* End PBXBuildFile section */

/* Begin PBXContainerItemProxy section */
		75BE9EA62ACC522900C01064 /* PBXContainerItemProxy */ = {
			isa = PBXContainerItemProxy;
			containerPortal = 75BE9E7C2ACACD2500C01064 /* Project object */;
			proxyType = 1;
			remoteGlobalIDString = 75BE9E9C2ACC522900C01064;
			remoteInfo = V2RayExtension;
		};
		75BE9EB82ACC523600C01064 /* PBXContainerItemProxy */ = {
			isa = PBXContainerItemProxy;
			containerPortal = 75BE9E7C2ACACD2500C01064 /* Project object */;
			proxyType = 1;
			remoteGlobalIDString = 75BE9EB02ACC523600C01064;
			remoteInfo = WireGuardExtension;
		};
		75BE9EC32ACC540800C01064 /* PBXContainerItemProxy */ = {
			isa = PBXContainerItemProxy;
			containerPortal = 75BE9E7C2ACACD2500C01064 /* Project object */;
			proxyType = 1;
			remoteGlobalIDString = 75BE9E952ACC521200C01064;
			remoteInfo = WireGuardGoBridge;
		};
/* End PBXContainerItemProxy section */

/* Begin PBXCopyFilesBuildPhase section */
		75BE9EAC2ACC522900C01064 /* Embed Foundation Extensions */ = {
			isa = PBXCopyFilesBuildPhase;
			buildActionMask = 2147483647;
			dstPath = "";
			dstSubfolderSpec = 13;
			files = (
				75BE9EA82ACC522900C01064 /* V2RayExtension.appex in Embed Foundation Extensions */,
				75BE9EBA2ACC523600C01064 /* WireGuardExtension.appex in Embed Foundation Extensions */,
			);
			name = "Embed Foundation Extensions";
			runOnlyForDeploymentPostprocessing = 0;
		};
/* End PBXCopyFilesBuildPhase section */

/* Begin PBXFileReference section */
		22627F152BCEAA0600A01884 /* ClipboardResponse.swift */ = {isa = PBXFileReference; lastKnownFileType = sourcecode.swift; path = ClipboardResponse.swift; sourceTree = "<group>"; };
		2262BD842BCD9DA700775193 /* DNSServerType.swift */ = {isa = PBXFileReference; fileEncoding = 4; lastKnownFileType = sourcecode.swift; path = DNSServerType.swift; sourceTree = "<group>"; };
		2280CF962C623EF300A95F03 /* PurchasesRouteCollection.swift */ = {isa = PBXFileReference; lastKnownFileType = sourcecode.swift; path = PurchasesRouteCollection.swift; sourceTree = "<group>"; };
		2280CF992C623FF700A95F03 /* APIKeyModel.swift */ = {isa = PBXFileReference; lastKnownFileType = sourcecode.swift; path = APIKeyModel.swift; sourceTree = "<group>"; };
		2280CF9B2C624A7D00A95F03 /* Products.swift */ = {isa = PBXFileReference; lastKnownFileType = sourcecode.swift; path = Products.swift; sourceTree = "<group>"; };
		2280CF9D2C62576900A95F03 /* StoreKit.framework */ = {isa = PBXFileReference; lastKnownFileType = wrapper.framework; name = StoreKit.framework; path = System/Library/Frameworks/StoreKit.framework; sourceTree = SDKROOT; };
		228813A62B7B912B00240DEE /* LogHandler+Vapor.swift */ = {isa = PBXFileReference; lastKnownFileType = sourcecode.swift; path = "LogHandler+Vapor.swift"; sourceTree = "<group>"; };
		228813AA2B7B9CAC00240DEE /* LogFile.swift */ = {isa = PBXFileReference; lastKnownFileType = sourcecode.swift; path = LogFile.swift; sourceTree = "<group>"; };
		228813AC2B7B9CBA00240DEE /* LogsService.swift */ = {isa = PBXFileReference; lastKnownFileType = sourcecode.swift; path = LogsService.swift; sourceTree = "<group>"; };
		228DC9442BBF035F00EFAAB9 /* PrivacyInfo.xcprivacy */ = {isa = PBXFileReference; lastKnownFileType = text.xml; path = PrivacyInfo.xcprivacy; sourceTree = "<group>"; };
		228DC9462BBF0C0D00EFAAB9 /* PrivacyInfo.xcprivacy */ = {isa = PBXFileReference; lastKnownFileType = text.xml; path = PrivacyInfo.xcprivacy; sourceTree = "<group>"; };
		228DC9482BBF0F6900EFAAB9 /* PrivacyInfo.xcprivacy */ = {isa = PBXFileReference; lastKnownFileType = text.xml; path = PrivacyInfo.xcprivacy; sourceTree = "<group>"; };
		22BBD7232BB16EC000229FDD /* OpenBrowserRequest.swift */ = {isa = PBXFileReference; lastKnownFileType = sourcecode.swift; path = OpenBrowserRequest.swift; sourceTree = "<group>"; };
		22C216702B31BCD80023824E /* PostSessionRequest.swift */ = {isa = PBXFileReference; lastKnownFileType = sourcecode.swift; path = PostSessionRequest.swift; sourceTree = "<group>"; };
		22C216722B31DEC10023824E /* ConnectionResponse.swift */ = {isa = PBXFileReference; lastKnownFileType = sourcecode.swift; path = ConnectionResponse.swift; sourceTree = "<group>"; };
		22C96ACB2B03BA4F0010CC0D /* XrayKit.xcframework */ = {isa = PBXFileReference; lastKnownFileType = wrapper.xcframework; path = XrayKit.xcframework; sourceTree = "<group>"; };
		22D0C7722B76761000E43752 /* VersionResponse.swift */ = {isa = PBXFileReference; lastKnownFileType = sourcecode.swift; path = VersionResponse.swift; sourceTree = "<group>"; };
		751ADB7E2ACC616A00CC736B /* WhitelabelSDK.entitlements */ = {isa = PBXFileReference; lastKnownFileType = text.plist.entitlements; path = WhitelabelSDK.entitlements; sourceTree = "<group>"; };
		751ADB7F2ACC61B500CC736B /* libresolv.9.tbd */ = {isa = PBXFileReference; lastKnownFileType = "sourcecode.text-based-dylib-definition"; name = libresolv.9.tbd; path = usr/lib/libresolv.9.tbd; sourceTree = SDKROOT; };
		751ADB882ACC62F400CC736B /* Config.swift */ = {isa = PBXFileReference; fileEncoding = 4; lastKnownFileType = sourcecode.swift; path = Config.swift; sourceTree = "<group>"; };
		751ADB892ACC62F400CC736B /* Keychain.swift */ = {isa = PBXFileReference; fileEncoding = 4; lastKnownFileType = sourcecode.swift; path = Keychain.swift; sourceTree = "<group>"; };
		751ADB8B2ACC62F400CC736B /* NETunnelProviderProtocol+Extension.swift */ = {isa = PBXFileReference; fileEncoding = 4; lastKnownFileType = sourcecode.swift; path = "NETunnelProviderProtocol+Extension.swift"; sourceTree = "<group>"; };
		751ADB8C2ACC62F400CC736B /* TunnelConfiguration+WireGuardConfig.swift */ = {isa = PBXFileReference; fileEncoding = 4; lastKnownFileType = sourcecode.swift; path = "TunnelConfiguration+WireGuardConfig.swift"; sourceTree = "<group>"; };
		751ADB8D2ACC62F400CC736B /* String+ArrayConversion.swift */ = {isa = PBXFileReference; fileEncoding = 4; lastKnownFileType = sourcecode.swift; path = "String+ArrayConversion.swift"; sourceTree = "<group>"; };
		751ADB8E2ACC62F400CC736B /* ConfigurationParseError.swift */ = {isa = PBXFileReference; fileEncoding = 4; lastKnownFileType = sourcecode.swift; path = ConfigurationParseError.swift; sourceTree = "<group>"; };
		751ADB912ACC62F400CC736B /* XEncryption.swift */ = {isa = PBXFileReference; fileEncoding = 4; lastKnownFileType = sourcecode.swift; path = XEncryption.swift; sourceTree = "<group>"; };
		751ADB922ACC62F400CC736B /* XHeaderType.swift */ = {isa = PBXFileReference; fileEncoding = 4; lastKnownFileType = sourcecode.swift; path = XHeaderType.swift; sourceTree = "<group>"; };
		751ADB932ACC62F400CC736B /* VMess.swift */ = {isa = PBXFileReference; fileEncoding = 4; lastKnownFileType = sourcecode.swift; path = VMess.swift; sourceTree = "<group>"; };
		751ADB942ACC62F400CC736B /* XNetwork.swift */ = {isa = PBXFileReference; fileEncoding = 4; lastKnownFileType = sourcecode.swift; path = XNetwork.swift; sourceTree = "<group>"; };
		751ADB952ACC62F400CC736B /* StreamSettings.swift */ = {isa = PBXFileReference; fileEncoding = 4; lastKnownFileType = sourcecode.swift; path = StreamSettings.swift; sourceTree = "<group>"; };
		751ADB962ACC62F400CC736B /* XConfiguration.swift */ = {isa = PBXFileReference; fileEncoding = 4; lastKnownFileType = sourcecode.swift; path = XConfiguration.swift; sourceTree = "<group>"; };
		751ADB972ACC62F400CC736B /* Fingerprint.swift */ = {isa = PBXFileReference; fileEncoding = 4; lastKnownFileType = sourcecode.swift; path = Fingerprint.swift; sourceTree = "<group>"; };
		751ADB982ACC62F400CC736B /* XSecurity.swift */ = {isa = PBXFileReference; fileEncoding = 4; lastKnownFileType = sourcecode.swift; path = XSecurity.swift; sourceTree = "<group>"; };
		751ADB992ACC62F400CC736B /* ALPN.swift */ = {isa = PBXFileReference; fileEncoding = 4; lastKnownFileType = sourcecode.swift; path = ALPN.swift; sourceTree = "<group>"; };
		751ADB9A2ACC62F400CC736B /* Route.swift */ = {isa = PBXFileReference; fileEncoding = 4; lastKnownFileType = sourcecode.swift; path = Route.swift; sourceTree = "<group>"; };
		751ADB9C2ACC62F400CC736B /* XModel.swift */ = {isa = PBXFileReference; fileEncoding = 4; lastKnownFileType = sourcecode.swift; path = XModel.swift; sourceTree = "<group>"; };
		751ADB9D2ACC62F400CC736B /* XLogModel.swift */ = {isa = PBXFileReference; fileEncoding = 4; lastKnownFileType = sourcecode.swift; path = XLogModel.swift; sourceTree = "<group>"; };
		751ADB9E2ACC62F400CC736B /* SniffingModel.swift */ = {isa = PBXFileReference; fileEncoding = 4; lastKnownFileType = sourcecode.swift; path = SniffingModel.swift; sourceTree = "<group>"; };
		751ADB9F2ACC62F400CC736B /* NetworkModel.swift */ = {isa = PBXFileReference; fileEncoding = 4; lastKnownFileType = sourcecode.swift; path = NetworkModel.swift; sourceTree = "<group>"; };
		751ADBA12ACC62F400CC736B /* Bundle+Ext.swift */ = {isa = PBXFileReference; fileEncoding = 4; lastKnownFileType = sourcecode.swift; path = "Bundle+Ext.swift"; sourceTree = "<group>"; };
		751ADBA22ACC62F400CC736B /* NSError+Ext.swift */ = {isa = PBXFileReference; fileEncoding = 4; lastKnownFileType = sourcecode.swift; path = "NSError+Ext.swift"; sourceTree = "<group>"; };
		751ADBA32ACC62F400CC736B /* UserDefaults+Ext.swift */ = {isa = PBXFileReference; fileEncoding = 4; lastKnownFileType = sourcecode.swift; path = "UserDefaults+Ext.swift"; sourceTree = "<group>"; };
		751ADBA42ACC62F400CC736B /* XConstant.swift */ = {isa = PBXFileReference; fileEncoding = 4; lastKnownFileType = sourcecode.swift; path = XConstant.swift; sourceTree = "<group>"; };
		751ADBBE2ACC62FD00CC736B /* XConstant+Ext.swift */ = {isa = PBXFileReference; fileEncoding = 4; lastKnownFileType = sourcecode.swift; path = "XConstant+Ext.swift"; sourceTree = "<group>"; };
		751ADBBF2ACC62FD00CC736B /* XConfiguration+Ext.swift */ = {isa = PBXFileReference; fileEncoding = 4; lastKnownFileType = sourcecode.swift; path = "XConfiguration+Ext.swift"; sourceTree = "<group>"; };
		751ADBC02ACC62FD00CC736B /* SniffingModel+Ext.swift */ = {isa = PBXFileReference; fileEncoding = 4; lastKnownFileType = sourcecode.swift; path = "SniffingModel+Ext.swift"; sourceTree = "<group>"; };
		751ADBC12ACC62FD00CC736B /* XRouteModel+Ext.swift */ = {isa = PBXFileReference; fileEncoding = 4; lastKnownFileType = sourcecode.swift; path = "XRouteModel+Ext.swift"; sourceTree = "<group>"; };
		751ADBC22ACC62FD00CC736B /* XModel+Ext.swift */ = {isa = PBXFileReference; fileEncoding = 4; lastKnownFileType = sourcecode.swift; path = "XModel+Ext.swift"; sourceTree = "<group>"; };
		751ADBE82ACC66FA00CC736B /* ClientConstants.swift */ = {isa = PBXFileReference; fileEncoding = 4; lastKnownFileType = sourcecode.swift; path = ClientConstants.swift; sourceTree = "<group>"; };
		751ADBE92ACC66FA00CC736B /* NotificationToken.swift */ = {isa = PBXFileReference; fileEncoding = 4; lastKnownFileType = sourcecode.swift; path = NotificationToken.swift; sourceTree = "<group>"; };
		751ADBEC2ACC66FA00CC736B /* NETunnelProviderManager+Ext.swift */ = {isa = PBXFileReference; fileEncoding = 4; lastKnownFileType = sourcecode.swift; path = "NETunnelProviderManager+Ext.swift"; sourceTree = "<group>"; };
		751ADBED2ACC66FA00CC736B /* NEVPNManager+Ext.swift */ = {isa = PBXFileReference; fileEncoding = 4; lastKnownFileType = sourcecode.swift; path = "NEVPNManager+Ext.swift"; sourceTree = "<group>"; };
		751ADBEE2ACC66FA00CC736B /* TunnelConfiguration+Ext.swift */ = {isa = PBXFileReference; fileEncoding = 4; lastKnownFileType = sourcecode.swift; path = "TunnelConfiguration+Ext.swift"; sourceTree = "<group>"; };
		751ADBEF2ACC66FA00CC736B /* NEVPNStatus+Ext.swift */ = {isa = PBXFileReference; fileEncoding = 4; lastKnownFileType = sourcecode.swift; path = "NEVPNStatus+Ext.swift"; sourceTree = "<group>"; };
		751ADBF32ACC66FA00CC736B /* Encodable+Ext.swift */ = {isa = PBXFileReference; fileEncoding = 4; lastKnownFileType = sourcecode.swift; path = "Encodable+Ext.swift"; sourceTree = "<group>"; };
		751ADBF42ACC66FA00CC736B /* Array+Ext.swift */ = {isa = PBXFileReference; fileEncoding = 4; lastKnownFileType = sourcecode.swift; path = "Array+Ext.swift"; sourceTree = "<group>"; };
		751ADBF52ACC66FA00CC736B /* Data+Ext.swift */ = {isa = PBXFileReference; fileEncoding = 4; lastKnownFileType = sourcecode.swift; path = "Data+Ext.swift"; sourceTree = "<group>"; };
		751ADC042ACD886300CC736B /* StoresGeneralInfo.swift */ = {isa = PBXFileReference; fileEncoding = 4; lastKnownFileType = sourcecode.swift; path = StoresGeneralInfo.swift; sourceTree = "<group>"; };
		751ADC052ACD886300CC736B /* GeneralSettingsStorage.swift */ = {isa = PBXFileReference; fileEncoding = 4; lastKnownFileType = sourcecode.swift; path = GeneralSettingsStorage.swift; sourceTree = "<group>"; };
		751ADC0B2ACD886300CC736B /* TunnelManager.swift */ = {isa = PBXFileReference; fileEncoding = 4; lastKnownFileType = sourcecode.swift; path = TunnelManager.swift; sourceTree = "<group>"; };
		751ADC0C2ACD886300CC736B /* TunnelManagerType.swift */ = {isa = PBXFileReference; fileEncoding = 4; lastKnownFileType = sourcecode.swift; path = TunnelManagerType.swift; sourceTree = "<group>"; };
		751ADC0E2ACD886300CC736B /* TunnelChanges.swift */ = {isa = PBXFileReference; fileEncoding = 4; lastKnownFileType = sourcecode.swift; path = TunnelChanges.swift; sourceTree = "<group>"; };
		751ADC0F2ACD886300CC736B /* TunnelInterfaceModel.swift */ = {isa = PBXFileReference; fileEncoding = 4; lastKnownFileType = sourcecode.swift; path = TunnelInterfaceModel.swift; sourceTree = "<group>"; };
		751ADC102ACD886300CC736B /* PeersModel.swift */ = {isa = PBXFileReference; fileEncoding = 4; lastKnownFileType = sourcecode.swift; path = PeersModel.swift; sourceTree = "<group>"; };
		751ADC112ACD886300CC736B /* TunnelSavingError.swift */ = {isa = PBXFileReference; fileEncoding = 4; lastKnownFileType = sourcecode.swift; path = TunnelSavingError.swift; sourceTree = "<group>"; };
		751ADC122ACD886300CC736B /* TunnelModel.swift */ = {isa = PBXFileReference; fileEncoding = 4; lastKnownFileType = sourcecode.swift; path = TunnelModel.swift; sourceTree = "<group>"; };
		751ADC152ACD886300CC736B /* TunnelStatus.swift */ = {isa = PBXFileReference; fileEncoding = 4; lastKnownFileType = sourcecode.swift; path = TunnelStatus.swift; sourceTree = "<group>"; };
		751ADC162ACD886300CC736B /* TunnelContainer.swift */ = {isa = PBXFileReference; fileEncoding = 4; lastKnownFileType = sourcecode.swift; path = TunnelContainer.swift; sourceTree = "<group>"; };
		751ADC172ACD886300CC736B /* TunnelsServiceStatusDelegate.swift */ = {isa = PBXFileReference; fileEncoding = 4; lastKnownFileType = sourcecode.swift; path = TunnelsServiceStatusDelegate.swift; sourceTree = "<group>"; };
		751ADC182ACD886300CC736B /* TunnelsService.swift */ = {isa = PBXFileReference; fileEncoding = 4; lastKnownFileType = sourcecode.swift; path = TunnelsService.swift; sourceTree = "<group>"; };
		751ADC192ACD886300CC736B /* StoresTunnelsInfo.swift */ = {isa = PBXFileReference; fileEncoding = 4; lastKnownFileType = sourcecode.swift; path = StoresTunnelsInfo.swift; sourceTree = "<group>"; };
		751ADC1B2ACD886300CC736B /* UserDefaultsStorageStrategy.swift */ = {isa = PBXFileReference; fileEncoding = 4; lastKnownFileType = sourcecode.swift; path = UserDefaultsStorageStrategy.swift; sourceTree = "<group>"; };
		751ADC1C2ACD886300CC736B /* SettingsStorageStrategyType.swift */ = {isa = PBXFileReference; fileEncoding = 4; lastKnownFileType = sourcecode.swift; path = SettingsStorageStrategyType.swift; sourceTree = "<group>"; };
		751ADC1D2ACD886300CC736B /* KeychainStorageStrategy.swift */ = {isa = PBXFileReference; fileEncoding = 4; lastKnownFileType = sourcecode.swift; path = KeychainStorageStrategy.swift; sourceTree = "<group>"; };
		751ADC1E2ACD886300CC736B /* Serializer.swift */ = {isa = PBXFileReference; fileEncoding = 4; lastKnownFileType = sourcecode.swift; path = Serializer.swift; sourceTree = "<group>"; };
		751ADC2F2ACD886400CC736B /* DataRequest.swift */ = {isa = PBXFileReference; fileEncoding = 4; lastKnownFileType = sourcecode.swift; path = DataRequest.swift; sourceTree = "<group>"; };
		751ADC802ACD8AE100CC736B /* ApplicationConfiguration.swift */ = {isa = PBXFileReference; fileEncoding = 4; lastKnownFileType = sourcecode.swift; path = ApplicationConfiguration.swift; sourceTree = "<group>"; };
		751ADC892ACD92F200CC736B /* Server.swift */ = {isa = PBXFileReference; lastKnownFileType = sourcecode.swift; path = Server.swift; sourceTree = "<group>"; };
		751ADC8D2AD0204100CC736B /* AppDelegate.swift */ = {isa = PBXFileReference; lastKnownFileType = sourcecode.swift; path = AppDelegate.swift; sourceTree = "<group>"; };
		751ADC8F2AD0209000CC736B /* SceneDelegate.swift */ = {isa = PBXFileReference; lastKnownFileType = sourcecode.swift; path = SceneDelegate.swift; sourceTree = "<group>"; };
		751ADC912AD020BD00CC736B /* ViewController.swift */ = {isa = PBXFileReference; lastKnownFileType = sourcecode.swift; path = ViewController.swift; sourceTree = "<group>"; };
		751ADCBA2AD0236900CC736B /* Info.plist */ = {isa = PBXFileReference; lastKnownFileType = text.plist; path = Info.plist; sourceTree = "<group>"; };
		751ADCBC2AD023DC00CC736B /* Base */ = {isa = PBXFileReference; lastKnownFileType = file.storyboard; name = Base; path = Base.lproj/Main.storyboard; sourceTree = "<group>"; };
		751ADCBF2AD023F800CC736B /* Base */ = {isa = PBXFileReference; lastKnownFileType = file.storyboard; name = Base; path = Base.lproj/LaunchScreen.storyboard; sourceTree = "<group>"; };
		75B28B592AD5718C003BDD1D /* TunnelRouteCollection.swift */ = {isa = PBXFileReference; lastKnownFileType = sourcecode.swift; path = TunnelRouteCollection.swift; sourceTree = "<group>"; };
		75B28B5C2AD57373003BDD1D /* TunnelStatusResponse.swift */ = {isa = PBXFileReference; lastKnownFileType = sourcecode.swift; path = TunnelStatusResponse.swift; sourceTree = "<group>"; };
		75B28B5E2AD58802003BDD1D /* ConnectionCredentials.swift */ = {isa = PBXFileReference; lastKnownFileType = sourcecode.swift; path = ConnectionCredentials.swift; sourceTree = "<group>"; };
		75B28B602AD5881B003BDD1D /* ServerProtocol.swift */ = {isa = PBXFileReference; lastKnownFileType = sourcecode.swift; path = ServerProtocol.swift; sourceTree = "<group>"; };
		75B28B632AD58956003BDD1D /* ProxyRouteCollection.swift */ = {isa = PBXFileReference; lastKnownFileType = sourcecode.swift; path = ProxyRouteCollection.swift; sourceTree = "<group>"; };
		75B28B662AD59B3D003BDD1D /* Request+Ext.swift */ = {isa = PBXFileReference; lastKnownFileType = sourcecode.swift; path = "Request+Ext.swift"; sourceTree = "<group>"; };
		75B89F2E2AE1A56C00B242B4 /* BlockchainRouteCollection.swift */ = {isa = PBXFileReference; lastKnownFileType = sourcecode.swift; path = BlockchainRouteCollection.swift; sourceTree = "<group>"; };
		75B89F312AE1A69600B242B4 /* PaginationKeys.swift */ = {isa = PBXFileReference; lastKnownFileType = sourcecode.swift; path = PaginationKeys.swift; sourceTree = "<group>"; };
		75B89F332AE2A9C100B242B4 /* PostWalletRequest.swift */ = {isa = PBXFileReference; lastKnownFileType = sourcecode.swift; path = PostWalletRequest.swift; sourceTree = "<group>"; };
		75B89F352AE2A9F300B242B4 /* Wallet.swift */ = {isa = PBXFileReference; lastKnownFileType = sourcecode.swift; path = Wallet.swift; sourceTree = "<group>"; };
		75B89F372AE2AD2900B242B4 /* EndpointModel.swift */ = {isa = PBXFileReference; lastKnownFileType = sourcecode.swift; path = EndpointModel.swift; sourceTree = "<group>"; };
		75BE9E842ACACD2500C01064 /* WhitelabelSDK.app */ = {isa = PBXFileReference; explicitFileType = wrapper.application; includeInIndex = 0; path = WhitelabelSDK.app; sourceTree = BUILT_PRODUCTS_DIR; };
		75BE9E8B2ACACD2600C01064 /* Assets.xcassets */ = {isa = PBXFileReference; lastKnownFileType = folder.assetcatalog; path = Assets.xcassets; sourceTree = "<group>"; };
		75BE9E8E2ACACD2600C01064 /* Preview Assets.xcassets */ = {isa = PBXFileReference; lastKnownFileType = folder.assetcatalog; path = "Preview Assets.xcassets"; sourceTree = "<group>"; };
		75BE9E9D2ACC522900C01064 /* V2RayExtension.appex */ = {isa = PBXFileReference; explicitFileType = "wrapper.app-extension"; includeInIndex = 0; path = V2RayExtension.appex; sourceTree = BUILT_PRODUCTS_DIR; };
		75BE9E9F2ACC522900C01064 /* NetworkExtension.framework */ = {isa = PBXFileReference; lastKnownFileType = wrapper.framework; name = NetworkExtension.framework; path = System/Library/Frameworks/NetworkExtension.framework; sourceTree = SDKROOT; };
		75BE9EA22ACC522900C01064 /* PacketTunnelProvider.swift */ = {isa = PBXFileReference; lastKnownFileType = sourcecode.swift; path = PacketTunnelProvider.swift; sourceTree = "<group>"; };
		75BE9EA42ACC522900C01064 /* Info.plist */ = {isa = PBXFileReference; lastKnownFileType = text.plist.xml; path = Info.plist; sourceTree = "<group>"; };
		75BE9EA52ACC522900C01064 /* V2RayExtension.entitlements */ = {isa = PBXFileReference; lastKnownFileType = text.plist.entitlements; path = V2RayExtension.entitlements; sourceTree = "<group>"; };
		75BE9EB12ACC523600C01064 /* WireGuardExtension.appex */ = {isa = PBXFileReference; explicitFileType = "wrapper.app-extension"; includeInIndex = 0; path = WireGuardExtension.appex; sourceTree = BUILT_PRODUCTS_DIR; };
		75BE9EB42ACC523600C01064 /* PacketTunnelProvider.swift */ = {isa = PBXFileReference; lastKnownFileType = sourcecode.swift; path = PacketTunnelProvider.swift; sourceTree = "<group>"; };
		75BE9EB62ACC523600C01064 /* Info.plist */ = {isa = PBXFileReference; lastKnownFileType = text.plist.xml; path = Info.plist; sourceTree = "<group>"; };
		75BE9EB72ACC523600C01064 /* WireGuardExtension.entitlements */ = {isa = PBXFileReference; lastKnownFileType = text.plist.entitlements; path = WireGuardExtension.entitlements; sourceTree = "<group>"; };
		75CFB4D12AD0288C00DC395C /* PostDNSResponse.swift */ = {isa = PBXFileReference; fileEncoding = 4; lastKnownFileType = sourcecode.swift; path = PostDNSResponse.swift; sourceTree = "<group>"; };
		75CFB4D32AD0288C00DC395C /* DNSRouteCollection.swift */ = {isa = PBXFileReference; fileEncoding = 4; lastKnownFileType = sourcecode.swift; path = DNSRouteCollection.swift; sourceTree = "<group>"; };
		75CFB4E12AD0291B00DC395C /* DefaultEncoder.swift */ = {isa = PBXFileReference; lastKnownFileType = sourcecode.swift; path = DefaultEncoder.swift; sourceTree = "<group>"; };
		75CFB4E72AD0417900DC395C /* StorageRouteCollection.swift */ = {isa = PBXFileReference; lastKnownFileType = sourcecode.swift; path = StorageRouteCollection.swift; sourceTree = "<group>"; };
		75CFB4EA2AD0418800DC395C /* LocalValue.swift */ = {isa = PBXFileReference; lastKnownFileType = sourcecode.swift; path = LocalValue.swift; sourceTree = "<group>"; };
/* End PBXFileReference section */

/* Begin PBXFrameworksBuildPhase section */
		75BE9E812ACACD2500C01064 /* Frameworks */ = {
			isa = PBXFrameworksBuildPhase;
			buildActionMask = 2147483647;
			files = (
				751ADB762ACC60DC00CC736B /* KeychainAccess in Frameworks */,
				751ADB7D2ACC611C00CC736B /* NetworkExtension.framework in Frameworks */,
				2280CF942C623CF600A95F03 /* RevenueCat in Frameworks */,
				2280CF9E2C62576900A95F03 /* StoreKit.framework in Frameworks */,
				751ADB7C2ACC610500CC736B /* SwiftyBeaver in Frameworks */,
				75B89F2C2AE1A53D00B242B4 /* SentinelWallet in Frameworks */,
				751ADBE52ACC664E00CC736B /* Vapor in Frameworks */,
				751ADB6D2ACC5E3600CC736B /* WireGuardKit in Frameworks */,
			);
			runOnlyForDeploymentPostprocessing = 0;
		};
		75BE9E9A2ACC522900C01064 /* Frameworks */ = {
			isa = PBXFrameworksBuildPhase;
			buildActionMask = 2147483647;
			files = (
				751ADB802ACC61BA00CC736B /* libresolv.9.tbd in Frameworks */,
				75BE9EA02ACC522900C01064 /* NetworkExtension.framework in Frameworks */,
				22C96ACC2B03BA500010CC0D /* XrayKit.xcframework in Frameworks */,
				22C96AD02B03C7C40010CC0D /* Tun2SocksKit in Frameworks */,
				751ADB822ACC61C000CC736B /* SwiftyBeaver in Frameworks */,
			);
			runOnlyForDeploymentPostprocessing = 0;
		};
		75BE9EAE2ACC523600C01064 /* Frameworks */ = {
			isa = PBXFrameworksBuildPhase;
			buildActionMask = 2147483647;
			files = (
				75BE9EB22ACC523600C01064 /* NetworkExtension.framework in Frameworks */,
				751ADB842ACC61CB00CC736B /* SwiftyBeaver in Frameworks */,
				75BE9EC22ACC53FB00C01064 /* WireGuardKit in Frameworks */,
			);
			runOnlyForDeploymentPostprocessing = 0;
		};
/* End PBXFrameworksBuildPhase section */

/* Begin PBXGroup section */
		2280CF952C623EE300A95F03 /* Purchases */ = {
			isa = PBXGroup;
			children = (
				2280CF982C623FE400A95F03 /* Models */,
				2280CF962C623EF300A95F03 /* PurchasesRouteCollection.swift */,
			);
			path = Purchases;
			sourceTree = "<group>";
		};
		2280CF982C623FE400A95F03 /* Models */ = {
			isa = PBXGroup;
			children = (
				2280CF992C623FF700A95F03 /* APIKeyModel.swift */,
				2280CF9B2C624A7D00A95F03 /* Products.swift */,
			);
			path = Models;
			sourceTree = "<group>";
		};
		228813A92B7B9C9F00240DEE /* Logs */ = {
			isa = PBXGroup;
			children = (
				228813AA2B7B9CAC00240DEE /* LogFile.swift */,
				228813AC2B7B9CBA00240DEE /* LogsService.swift */,
			);
			path = Logs;
			sourceTree = "<group>";
		};
		22BBD7222BB16D4600229FDD /* Models */ = {
			isa = PBXGroup;
			children = (
				22BBD7232BB16EC000229FDD /* OpenBrowserRequest.swift */,
			);
			path = Models;
			sourceTree = "<group>";
		};
		751ADB872ACC62F400CC736B /* Shared */ = {
			isa = PBXGroup;
			children = (
				751ADB8F2ACC62F400CC736B /* V2Ray */,
				751ADB8A2ACC62F400CC736B /* WireGuard */,
				751ADBA12ACC62F400CC736B /* Bundle+Ext.swift */,
				751ADB882ACC62F400CC736B /* Config.swift */,
			);
			path = Shared;
			sourceTree = "<group>";
		};
		751ADB8A2ACC62F400CC736B /* WireGuard */ = {
			isa = PBXGroup;
			children = (
				751ADB8E2ACC62F400CC736B /* ConfigurationParseError.swift */,
				751ADB892ACC62F400CC736B /* Keychain.swift */,
				751ADB8B2ACC62F400CC736B /* NETunnelProviderProtocol+Extension.swift */,
				751ADB8D2ACC62F400CC736B /* String+ArrayConversion.swift */,
				751ADB8C2ACC62F400CC736B /* TunnelConfiguration+WireGuardConfig.swift */,
			);
			path = WireGuard;
			sourceTree = "<group>";
		};
		751ADB8F2ACC62F400CC736B /* V2Ray */ = {
			isa = PBXGroup;
			children = (
				751ADB902ACC62F400CC736B /* Configuration */,
				751ADBA02ACC62F400CC736B /* Extensions */,
				751ADB9B2ACC62F400CC736B /* Models */,
				751ADBA42ACC62F400CC736B /* XConstant.swift */,
			);
			path = V2Ray;
			sourceTree = "<group>";
		};
		751ADB902ACC62F400CC736B /* Configuration */ = {
			isa = PBXGroup;
			children = (
				751ADB992ACC62F400CC736B /* ALPN.swift */,
				751ADB972ACC62F400CC736B /* Fingerprint.swift */,
				751ADB9A2ACC62F400CC736B /* Route.swift */,
				751ADB952ACC62F400CC736B /* StreamSettings.swift */,
				751ADB932ACC62F400CC736B /* VMess.swift */,
				751ADB962ACC62F400CC736B /* XConfiguration.swift */,
				751ADB912ACC62F400CC736B /* XEncryption.swift */,
				751ADB922ACC62F400CC736B /* XHeaderType.swift */,
				751ADB942ACC62F400CC736B /* XNetwork.swift */,
				751ADB982ACC62F400CC736B /* XSecurity.swift */,
			);
			path = Configuration;
			sourceTree = "<group>";
		};
		751ADB9B2ACC62F400CC736B /* Models */ = {
			isa = PBXGroup;
			children = (
				751ADB9F2ACC62F400CC736B /* NetworkModel.swift */,
				751ADB9E2ACC62F400CC736B /* SniffingModel.swift */,
				751ADB9D2ACC62F400CC736B /* XLogModel.swift */,
				751ADB9C2ACC62F400CC736B /* XModel.swift */,
			);
			path = Models;
			sourceTree = "<group>";
		};
		751ADBA02ACC62F400CC736B /* Extensions */ = {
			isa = PBXGroup;
			children = (
				751ADBA22ACC62F400CC736B /* NSError+Ext.swift */,
				751ADBA32ACC62F400CC736B /* UserDefaults+Ext.swift */,
			);
			path = Extensions;
			sourceTree = "<group>";
		};
		751ADBBD2ACC62FD00CC736B /* Extensions */ = {
			isa = PBXGroup;
			children = (
				751ADBC02ACC62FD00CC736B /* SniffingModel+Ext.swift */,
				751ADBBF2ACC62FD00CC736B /* XConfiguration+Ext.swift */,
				751ADBBE2ACC62FD00CC736B /* XConstant+Ext.swift */,
				751ADBC22ACC62FD00CC736B /* XModel+Ext.swift */,
				751ADBC12ACC62FD00CC736B /* XRouteModel+Ext.swift */,
			);
			path = Extensions;
			sourceTree = "<group>";
		};
		751ADBE62ACC66FA00CC736B /* Common */ = {
			isa = PBXGroup;
			children = (
				751ADBEA2ACC66FA00CC736B /* Extensions */,
				751ADBE72ACC66FA00CC736B /* Utils */,
			);
			path = Common;
			sourceTree = "<group>";
		};
		751ADBE72ACC66FA00CC736B /* Utils */ = {
			isa = PBXGroup;
			children = (
				751ADBE82ACC66FA00CC736B /* ClientConstants.swift */,
				75CFB4E12AD0291B00DC395C /* DefaultEncoder.swift */,
				228813A62B7B912B00240DEE /* LogHandler+Vapor.swift */,
				751ADBE92ACC66FA00CC736B /* NotificationToken.swift */,
			);
			path = Utils;
			sourceTree = "<group>";
		};
		751ADBEA2ACC66FA00CC736B /* Extensions */ = {
			isa = PBXGroup;
			children = (
				75B28B652AD59B33003BDD1D /* Vapor */,
				751ADBF22ACC66FA00CC736B /* Foundation */,
				751ADBEB2ACC66FA00CC736B /* VPN */,
			);
			path = Extensions;
			sourceTree = "<group>";
		};
		751ADBEB2ACC66FA00CC736B /* VPN */ = {
			isa = PBXGroup;
			children = (
				751ADBEC2ACC66FA00CC736B /* NETunnelProviderManager+Ext.swift */,
				751ADBED2ACC66FA00CC736B /* NEVPNManager+Ext.swift */,
				751ADBEF2ACC66FA00CC736B /* NEVPNStatus+Ext.swift */,
				751ADBEE2ACC66FA00CC736B /* TunnelConfiguration+Ext.swift */,
			);
			path = VPN;
			sourceTree = "<group>";
		};
		751ADBF22ACC66FA00CC736B /* Foundation */ = {
			isa = PBXGroup;
			children = (
				751ADBF42ACC66FA00CC736B /* Array+Ext.swift */,
				751ADBF52ACC66FA00CC736B /* Data+Ext.swift */,
				751ADBF32ACC66FA00CC736B /* Encodable+Ext.swift */,
			);
			path = Foundation;
			sourceTree = "<group>";
		};
		751ADC002ACC670400CC736B /* Root */ = {
			isa = PBXGroup;
			children = (
				751ADC7E2ACD8AE100CC736B /* ApplicationConfiguration */,
				751ADC772ACD88B900CC736B /* Server */,
				751ADC8D2AD0204100CC736B /* AppDelegate.swift */,
				751ADC8F2AD0209000CC736B /* SceneDelegate.swift */,
				751ADC912AD020BD00CC736B /* ViewController.swift */,
			);
			path = Root;
			sourceTree = "<group>";
		};
		751ADC012ACC671000CC736B /* Resources */ = {
			isa = PBXGroup;
			children = (
				75BE9E8B2ACACD2600C01064 /* Assets.xcassets */,
			);
			path = Resources;
			sourceTree = "<group>";
		};
		751ADC022ACD886300CC736B /* Storage */ = {
			isa = PBXGroup;
			children = (
				228813A92B7B9C9F00240DEE /* Logs */,
				751ADC032ACD886300CC736B /* GeneralSettingsStorage */,
				751ADC1A2ACD886300CC736B /* StorageStrategy */,
				751ADC062ACD886300CC736B /* Tunnel */,
			);
			path = Storage;
			sourceTree = "<group>";
		};
		751ADC032ACD886300CC736B /* GeneralSettingsStorage */ = {
			isa = PBXGroup;
			children = (
				751ADC052ACD886300CC736B /* GeneralSettingsStorage.swift */,
				751ADC042ACD886300CC736B /* StoresGeneralInfo.swift */,
			);
			path = GeneralSettingsStorage;
			sourceTree = "<group>";
		};
		751ADC062ACD886300CC736B /* Tunnel */ = {
			isa = PBXGroup;
			children = (
				751ADC072ACD886300CC736B /* Manager */,
				751ADC0D2ACD886300CC736B /* Model */,
				751ADC142ACD886300CC736B /* Service */,
				751ADC192ACD886300CC736B /* StoresTunnelsInfo.swift */,
			);
			path = Tunnel;
			sourceTree = "<group>";
		};
		751ADC072ACD886300CC736B /* Manager */ = {
			isa = PBXGroup;
			children = (
				751ADC0B2ACD886300CC736B /* TunnelManager.swift */,
				751ADC0C2ACD886300CC736B /* TunnelManagerType.swift */,
			);
			path = Manager;
			sourceTree = "<group>";
		};
		751ADC0D2ACD886300CC736B /* Model */ = {
			isa = PBXGroup;
			children = (
				2262BD842BCD9DA700775193 /* DNSServerType.swift */,
				751ADC102ACD886300CC736B /* PeersModel.swift */,
				751ADC0E2ACD886300CC736B /* TunnelChanges.swift */,
				751ADC0F2ACD886300CC736B /* TunnelInterfaceModel.swift */,
				751ADC122ACD886300CC736B /* TunnelModel.swift */,
				751ADC112ACD886300CC736B /* TunnelSavingError.swift */,
			);
			path = Model;
			sourceTree = "<group>";
		};
		751ADC142ACD886300CC736B /* Service */ = {
			isa = PBXGroup;
			children = (
				751ADC162ACD886300CC736B /* TunnelContainer.swift */,
				751ADC182ACD886300CC736B /* TunnelsService.swift */,
				751ADC172ACD886300CC736B /* TunnelsServiceStatusDelegate.swift */,
				751ADC152ACD886300CC736B /* TunnelStatus.swift */,
			);
			path = Service;
			sourceTree = "<group>";
		};
		751ADC1A2ACD886300CC736B /* StorageStrategy */ = {
			isa = PBXGroup;
			children = (
				751ADC1D2ACD886300CC736B /* KeychainStorageStrategy.swift */,
				751ADC1E2ACD886300CC736B /* Serializer.swift */,
				751ADC1C2ACD886300CC736B /* SettingsStorageStrategyType.swift */,
				751ADC1B2ACD886300CC736B /* UserDefaultsStorageStrategy.swift */,
			);
			path = StorageStrategy;
			sourceTree = "<group>";
		};
		751ADC772ACD88B900CC736B /* Server */ = {
			isa = PBXGroup;
			children = (
				751ADC892ACD92F200CC736B /* Server.swift */,
			);
			path = Server;
			sourceTree = "<group>";
		};
		751ADC782ACD88C300CC736B /* Collections */ = {
			isa = PBXGroup;
			children = (
				75B89F2D2AE1A54400B242B4 /* Blockchain */,
				75CFB4D02AD0288C00DC395C /* DNS */,
				75B28B622AD58870003BDD1D /* Proxy */,
				2280CF952C623EE300A95F03 /* Purchases */,
				75CFB4E62AD0414B00DC395C /* Storage */,
				75B28B582AD57177003BDD1D /* Tunnel */,
			);
			path = Collections;
			sourceTree = "<group>";
		};
		751ADC7E2ACD8AE100CC736B /* ApplicationConfiguration */ = {
			isa = PBXGroup;
			children = (
				751ADC802ACD8AE100CC736B /* ApplicationConfiguration.swift */,
			);
			path = ApplicationConfiguration;
			sourceTree = "<group>";
		};
		75B28B582AD57177003BDD1D /* Tunnel */ = {
			isa = PBXGroup;
			children = (
				75B28B5B2AD57191003BDD1D /* Models */,
				75B28B592AD5718C003BDD1D /* TunnelRouteCollection.swift */,
			);
			path = Tunnel;
			sourceTree = "<group>";
		};
		75B28B5B2AD57191003BDD1D /* Models */ = {
			isa = PBXGroup;
			children = (
				75B28B5E2AD58802003BDD1D /* ConnectionCredentials.swift */,
				751ADC2F2ACD886400CC736B /* DataRequest.swift */,
				75B28B602AD5881B003BDD1D /* ServerProtocol.swift */,
				75B28B5C2AD57373003BDD1D /* TunnelStatusResponse.swift */,
			);
			path = Models;
			sourceTree = "<group>";
		};
		75B28B622AD58870003BDD1D /* Proxy */ = {
			isa = PBXGroup;
			children = (
				22BBD7222BB16D4600229FDD /* Models */,
				75B28B632AD58956003BDD1D /* ProxyRouteCollection.swift */,
			);
			path = Proxy;
			sourceTree = "<group>";
		};
		75B28B652AD59B33003BDD1D /* Vapor */ = {
			isa = PBXGroup;
			children = (
				75B28B662AD59B3D003BDD1D /* Request+Ext.swift */,
			);
			path = Vapor;
			sourceTree = "<group>";
		};
		75B89F2D2AE1A54400B242B4 /* Blockchain */ = {
			isa = PBXGroup;
			children = (
				75B89F302AE1A68800B242B4 /* Models */,
				75B89F2E2AE1A56C00B242B4 /* BlockchainRouteCollection.swift */,
			);
			path = Blockchain;
			sourceTree = "<group>";
		};
		75B89F302AE1A68800B242B4 /* Models */ = {
			isa = PBXGroup;
			children = (
				22C216722B31DEC10023824E /* ConnectionResponse.swift */,
				75B89F312AE1A69600B242B4 /* PaginationKeys.swift */,
				75B89F372AE2AD2900B242B4 /* EndpointModel.swift */,
				22C216702B31BCD80023824E /* PostSessionRequest.swift */,
				75B89F332AE2A9C100B242B4 /* PostWalletRequest.swift */,
				75B89F352AE2A9F300B242B4 /* Wallet.swift */,
			);
			path = Models;
			sourceTree = "<group>";
		};
		75BE9E7B2ACACD2500C01064 = {
			isa = PBXGroup;
			children = (
				751ADB872ACC62F400CC736B /* Shared */,
				75BE9E862ACACD2500C01064 /* WhitelabelSDK */,
				75BE9EA12ACC522900C01064 /* V2RayExtension */,
				75BE9EB32ACC523600C01064 /* WireGuardExtension */,
				75BE9E9E2ACC522900C01064 /* Frameworks */,
				75BE9E852ACACD2500C01064 /* Products */,
			);
			sourceTree = "<group>";
		};
		75BE9E852ACACD2500C01064 /* Products */ = {
			isa = PBXGroup;
			children = (
				75BE9E842ACACD2500C01064 /* WhitelabelSDK.app */,
				75BE9E9D2ACC522900C01064 /* V2RayExtension.appex */,
				75BE9EB12ACC523600C01064 /* WireGuardExtension.appex */,
			);
			name = Products;
			sourceTree = "<group>";
		};
		75BE9E862ACACD2500C01064 /* WhitelabelSDK */ = {
			isa = PBXGroup;
			children = (
				751ADC782ACD88C300CC736B /* Collections */,
				751ADBE62ACC66FA00CC736B /* Common */,
				751ADCBA2AD0236900CC736B /* Info.plist */,
				751ADCBE2AD023F800CC736B /* LaunchScreen.storyboard */,
				751ADCBB2AD023DC00CC736B /* Main.storyboard */,
				75BE9E8D2ACACD2600C01064 /* Preview Content */,
				228DC9442BBF035F00EFAAB9 /* PrivacyInfo.xcprivacy */,
				751ADC012ACC671000CC736B /* Resources */,
				751ADC002ACC670400CC736B /* Root */,
				751ADC022ACD886300CC736B /* Storage */,
				751ADB7E2ACC616A00CC736B /* WhitelabelSDK.entitlements */,
			);
			path = WhitelabelSDK;
			sourceTree = "<group>";
		};
		75BE9E8D2ACACD2600C01064 /* Preview Content */ = {
			isa = PBXGroup;
			children = (
				75BE9E8E2ACACD2600C01064 /* Preview Assets.xcassets */,
			);
			path = "Preview Content";
			sourceTree = "<group>";
		};
		75BE9E9E2ACC522900C01064 /* Frameworks */ = {
			isa = PBXGroup;
			children = (
				2280CF9D2C62576900A95F03 /* StoreKit.framework */,
				22C96ACB2B03BA4F0010CC0D /* XrayKit.xcframework */,
				751ADB7F2ACC61B500CC736B /* libresolv.9.tbd */,
				75BE9E9F2ACC522900C01064 /* NetworkExtension.framework */,
			);
			name = Frameworks;
			sourceTree = "<group>";
		};
		75BE9EA12ACC522900C01064 /* V2RayExtension */ = {
			isa = PBXGroup;
			children = (
				751ADBBD2ACC62FD00CC736B /* Extensions */,
				75BE9EA42ACC522900C01064 /* Info.plist */,
				75BE9EA22ACC522900C01064 /* PacketTunnelProvider.swift */,
				75BE9EA52ACC522900C01064 /* V2RayExtension.entitlements */,
				228DC9482BBF0F6900EFAAB9 /* PrivacyInfo.xcprivacy */,
			);
			path = V2RayExtension;
			sourceTree = "<group>";
		};
		75BE9EB32ACC523600C01064 /* WireGuardExtension */ = {
			isa = PBXGroup;
			children = (
				75BE9EB62ACC523600C01064 /* Info.plist */,
				75BE9EB42ACC523600C01064 /* PacketTunnelProvider.swift */,
				75BE9EB72ACC523600C01064 /* WireGuardExtension.entitlements */,
				228DC9462BBF0C0D00EFAAB9 /* PrivacyInfo.xcprivacy */,
			);
			path = WireGuardExtension;
			sourceTree = "<group>";
		};
		75CFB4D02AD0288C00DC395C /* DNS */ = {
			isa = PBXGroup;
			children = (
				75CFB4E52AD0410700DC395C /* Models */,
				75CFB4D32AD0288C00DC395C /* DNSRouteCollection.swift */,
			);
			path = DNS;
			sourceTree = "<group>";
		};
		75CFB4E52AD0410700DC395C /* Models */ = {
			isa = PBXGroup;
			children = (
				75CFB4D12AD0288C00DC395C /* PostDNSResponse.swift */,
			);
			path = Models;
			sourceTree = "<group>";
		};
		75CFB4E62AD0414B00DC395C /* Storage */ = {
			isa = PBXGroup;
			children = (
				75CFB4E92AD0417D00DC395C /* Models */,
				75CFB4E72AD0417900DC395C /* StorageRouteCollection.swift */,
			);
			path = Storage;
			sourceTree = "<group>";
		};
		75CFB4E92AD0417D00DC395C /* Models */ = {
			isa = PBXGroup;
			children = (
				22627F152BCEAA0600A01884 /* ClipboardResponse.swift */,
				75CFB4EA2AD0418800DC395C /* LocalValue.swift */,
				22D0C7722B76761000E43752 /* VersionResponse.swift */,
			);
			path = Models;
			sourceTree = "<group>";
		};
/* End PBXGroup section */

/* Begin PBXLegacyTarget section */
		75BE9E952ACC521200C01064 /* WireGuardGoBridgeiOS */ = {
			isa = PBXLegacyTarget;
			buildArgumentsString = "$(ACTION)";
			buildConfigurationList = 75BE9E962ACC521200C01064 /* Build configuration list for PBXLegacyTarget "WireGuardGoBridgeiOS" */;
			buildPhases = (
			);
			buildToolPath = "$(PROJECT_DIR)/script/build_wireguard_go_bridge.sh";
			buildWorkingDirectory = "";
			dependencies = (
			);
			name = WireGuardGoBridgeiOS;
			passBuildSettingsInEnvironment = 1;
			productName = WireGuardGoBridge;
		};
/* End PBXLegacyTarget section */

/* Begin PBXNativeTarget section */
		75BE9E832ACACD2500C01064 /* WhitelabelSDK */ = {
			isa = PBXNativeTarget;
			buildConfigurationList = 75BE9E922ACACD2600C01064 /* Build configuration list for PBXNativeTarget "WhitelabelSDK" */;
			buildPhases = (
				75BE9E802ACACD2500C01064 /* Sources */,
				75BE9E812ACACD2500C01064 /* Frameworks */,
				75BE9E822ACACD2500C01064 /* Resources */,
				75BE9EAC2ACC522900C01064 /* Embed Foundation Extensions */,
			);
			buildRules = (
			);
			dependencies = (
				75BE9EA72ACC522900C01064 /* PBXTargetDependency */,
				75BE9EB92ACC523600C01064 /* PBXTargetDependency */,
			);
			name = WhitelabelSDK;
			packageProductDependencies = (
				751ADB6C2ACC5E3600CC736B /* WireGuardKit */,
				751ADB752ACC60DC00CC736B /* KeychainAccess */,
				751ADB7B2ACC610500CC736B /* SwiftyBeaver */,
				751ADBE42ACC664E00CC736B /* Vapor */,
				75B89F2B2AE1A53D00B242B4 /* SentinelWallet */,
				2280CF932C623CF600A95F03 /* RevenueCat */,
			);
			productName = WhitelabelSDK;
			productReference = 75BE9E842ACACD2500C01064 /* WhitelabelSDK.app */;
			productType = "com.apple.product-type.application";
		};
		75BE9E9C2ACC522900C01064 /* V2RayExtension */ = {
			isa = PBXNativeTarget;
			buildConfigurationList = 75BE9EA92ACC522900C01064 /* Build configuration list for PBXNativeTarget "V2RayExtension" */;
			buildPhases = (
				75BE9E992ACC522900C01064 /* Sources */,
				75BE9E9A2ACC522900C01064 /* Frameworks */,
				75BE9E9B2ACC522900C01064 /* Resources */,
			);
			buildRules = (
			);
			dependencies = (
			);
			name = V2RayExtension;
			packageProductDependencies = (
				751ADB812ACC61C000CC736B /* SwiftyBeaver */,
				22C96ACF2B03C7C40010CC0D /* Tun2SocksKit */,
			);
			productName = V2RayExtension;
			productReference = 75BE9E9D2ACC522900C01064 /* V2RayExtension.appex */;
			productType = "com.apple.product-type.app-extension";
		};
		75BE9EB02ACC523600C01064 /* WireGuardExtension */ = {
			isa = PBXNativeTarget;
			buildConfigurationList = 75BE9EBB2ACC523600C01064 /* Build configuration list for PBXNativeTarget "WireGuardExtension" */;
			buildPhases = (
				75BE9EAD2ACC523600C01064 /* Sources */,
				75BE9EAE2ACC523600C01064 /* Frameworks */,
				75BE9EAF2ACC523600C01064 /* Resources */,
			);
			buildRules = (
			);
			dependencies = (
				75BE9EC42ACC540800C01064 /* PBXTargetDependency */,
			);
			name = WireGuardExtension;
			packageProductDependencies = (
				75BE9EC12ACC53FB00C01064 /* WireGuardKit */,
				751ADB832ACC61CB00CC736B /* SwiftyBeaver */,
			);
			productName = WireGuardExtension;
			productReference = 75BE9EB12ACC523600C01064 /* WireGuardExtension.appex */;
			productType = "com.apple.product-type.app-extension";
		};
/* End PBXNativeTarget section */

/* Begin PBXProject section */
		75BE9E7C2ACACD2500C01064 /* Project object */ = {
			isa = PBXProject;
			attributes = {
				BuildIndependentTargetsInParallel = 1;
				LastSwiftUpdateCheck = 1500;
				LastUpgradeCheck = 1500;
				TargetAttributes = {
					75BE9E832ACACD2500C01064 = {
						CreatedOnToolsVersion = 15.0;
					};
					75BE9E952ACC521200C01064 = {
						CreatedOnToolsVersion = 15.0;
					};
					75BE9E9C2ACC522900C01064 = {
						CreatedOnToolsVersion = 15.0;
					};
					75BE9EB02ACC523600C01064 = {
						CreatedOnToolsVersion = 15.0;
					};
				};
			};
			buildConfigurationList = 75BE9E7F2ACACD2500C01064 /* Build configuration list for PBXProject "WhitelabelSDK" */;
			compatibilityVersion = "Xcode 14.0";
			developmentRegion = en;
			hasScannedForEncodings = 0;
			knownRegions = (
				en,
				Base,
			);
			mainGroup = 75BE9E7B2ACACD2500C01064;
			packageReferences = (
				75BE9EBE2ACC539900C01064 /* XCRemoteSwiftPackageReference "wireguard-apple" */,
				751ADB742ACC60DC00CC736B /* XCRemoteSwiftPackageReference "KeychainAccess" */,
				751ADB7A2ACC610500CC736B /* XCRemoteSwiftPackageReference "SwiftyBeaver" */,
				751ADBE32ACC664E00CC736B /* XCRemoteSwiftPackageReference "vapor" */,
				75B89F2A2AE1A53D00B242B4 /* XCRemoteSwiftPackageReference "sentinel-wallet-sdk-ios" */,
				22C96ACE2B03C7C40010CC0D /* XCRemoteSwiftPackageReference "Tun2SocksKit" */,
				2280CF922C623CF600A95F03 /* XCRemoteSwiftPackageReference "purchases-ios-spm" */,
			);
			productRefGroup = 75BE9E852ACACD2500C01064 /* Products */;
			projectDirPath = "";
			projectRoot = "";
			targets = (
				75BE9E832ACACD2500C01064 /* WhitelabelSDK */,
				75BE9E952ACC521200C01064 /* WireGuardGoBridgeiOS */,
				75BE9E9C2ACC522900C01064 /* V2RayExtension */,
				75BE9EB02ACC523600C01064 /* WireGuardExtension */,
			);
		};
/* End PBXProject section */

/* Begin PBXResourcesBuildPhase section */
		75BE9E822ACACD2500C01064 /* Resources */ = {
			isa = PBXResourcesBuildPhase;
			buildActionMask = 2147483647;
			files = (
				75BE9E8C2ACACD2600C01064 /* Assets.xcassets in Resources */,
				751ADCC02AD023F800CC736B /* LaunchScreen.storyboard in Resources */,
				751ADCBD2AD023DC00CC736B /* Main.storyboard in Resources */,
				228DC9452BBF035F00EFAAB9 /* PrivacyInfo.xcprivacy in Resources */,
				75BE9E8F2ACACD2600C01064 /* Preview Assets.xcassets in Resources */,
			);
			runOnlyForDeploymentPostprocessing = 0;
		};
		75BE9E9B2ACC522900C01064 /* Resources */ = {
			isa = PBXResourcesBuildPhase;
			buildActionMask = 2147483647;
			files = (
				228DC9492BBF0F6900EFAAB9 /* PrivacyInfo.xcprivacy in Resources */,
			);
			runOnlyForDeploymentPostprocessing = 0;
		};
		75BE9EAF2ACC523600C01064 /* Resources */ = {
			isa = PBXResourcesBuildPhase;
			buildActionMask = 2147483647;
			files = (
				228DC9472BBF0C0D00EFAAB9 /* PrivacyInfo.xcprivacy in Resources */,
			);
			runOnlyForDeploymentPostprocessing = 0;
		};
/* End PBXResourcesBuildPhase section */

/* Begin PBXSourcesBuildPhase section */
		75BE9E802ACACD2500C01064 /* Sources */ = {
			isa = PBXSourcesBuildPhase;
			buildActionMask = 2147483647;
			files = (
				751ADBB32ACC62F400CC736B /* ALPN.swift in Sources */,
				751ADC8E2AD0204100CC736B /* AppDelegate.swift in Sources */,
				751ADC822ACD8AE100CC736B /* ApplicationConfiguration.swift in Sources */,
				751ADBFE2ACC66FA00CC736B /* Array+Ext.swift in Sources */,
				751ADBB92ACC62F400CC736B /* Bundle+Ext.swift in Sources */,
				751ADBF62ACC66FA00CC736B /* ClientConstants.swift in Sources */,
				751ADBA52ACC62F400CC736B /* Config.swift in Sources */,
				751ADBAA2ACC62F400CC736B /* ConfigurationParseError.swift in Sources */,
				75B28B5F2AD58802003BDD1D /* ConnectionCredentials.swift in Sources */,
				751ADBFF2ACC66FA00CC736B /* Data+Ext.swift in Sources */,
				751ADC662ACD886400CC736B /* DataRequest.swift in Sources */,
				75CFB4E22AD0291B00DC395C /* DefaultEncoder.swift in Sources */,
				75CFB4E02AD0288C00DC395C /* DNSRouteCollection.swift in Sources */,
				75B89F362AE2A9F300B242B4 /* Wallet.swift in Sources */,
				751ADBFD2ACC66FA00CC736B /* Encodable+Ext.swift in Sources */,
				751ADBB12ACC62F400CC736B /* Fingerprint.swift in Sources */,
				75B89F2F2AE1A56C00B242B4 /* BlockchainRouteCollection.swift in Sources */,
				751ADC4A2ACD886400CC736B /* GeneralSettingsStorage.swift in Sources */,
				751ADBA62ACC62F400CC736B /* Keychain.swift in Sources */,
				751ADC5C2ACD886400CC736B /* KeychainStorageStrategy.swift in Sources */,
				22D0C7732B76761000E43752 /* VersionResponse.swift in Sources */,
				228813A72B7B912C00240DEE /* LogHandler+Vapor.swift in Sources */,
				75CFB4EB2AD0418800DC395C /* LocalValue.swift in Sources */,
				751ADBF82ACC66FA00CC736B /* NETunnelProviderManager+Ext.swift in Sources */,
				75B28B642AD58956003BDD1D /* ProxyRouteCollection.swift in Sources */,
				228813AB2B7B9CAC00240DEE /* LogFile.swift in Sources */,
				751ADBA72ACC62F400CC736B /* NETunnelProviderProtocol+Extension.swift in Sources */,
				751ADBB82ACC62F400CC736B /* NetworkModel.swift in Sources */,
				751ADBF92ACC66FA00CC736B /* NEVPNManager+Ext.swift in Sources */,
				22BBD7242BB16EC000229FDD /* OpenBrowserRequest.swift in Sources */,
				751ADBFB2ACC66FA00CC736B /* NEVPNStatus+Ext.swift in Sources */,
				751ADBF72ACC66FA00CC736B /* NotificationToken.swift in Sources */,
				751ADBBA2ACC62F400CC736B /* NSError+Ext.swift in Sources */,
				751ADC512ACD886400CC736B /* PeersModel.swift in Sources */,
				75B89F382AE2AD2900B242B4 /* EndpointModel.swift in Sources */,
				75CFB4DE2AD0288C00DC395C /* PostDNSResponse.swift in Sources */,
				751ADBB42ACC62F400CC736B /* Route.swift in Sources */,
				751ADC902AD0209000CC736B /* SceneDelegate.swift in Sources */,
				751ADC5D2ACD886400CC736B /* Serializer.swift in Sources */,
				751ADC8A2ACD92F200CC736B /* Server.swift in Sources */,
				75B28B672AD59B3D003BDD1D /* Request+Ext.swift in Sources */,
				2280CF972C623EF300A95F03 /* PurchasesRouteCollection.swift in Sources */,
				75B89F342AE2A9C100B242B4 /* PostWalletRequest.swift in Sources */,
				75B28B612AD5881B003BDD1D /* ServerProtocol.swift in Sources */,
				751ADC5B2ACD886400CC736B /* SettingsStorageStrategyType.swift in Sources */,
				751ADBB72ACC62F400CC736B /* SniffingModel.swift in Sources */,
				75CFB4E82AD0417900DC395C /* StorageRouteCollection.swift in Sources */,
				751ADC492ACD886400CC736B /* StoresGeneralInfo.swift in Sources */,
				751ADC592ACD886400CC736B /* StoresTunnelsInfo.swift in Sources */,
				751ADBAF2ACC62F400CC736B /* StreamSettings.swift in Sources */,
				751ADBA92ACC62F400CC736B /* String+ArrayConversion.swift in Sources */,
				751ADC4F2ACD886400CC736B /* TunnelChanges.swift in Sources */,
				751ADBFA2ACC66FA00CC736B /* TunnelConfiguration+Ext.swift in Sources */,
				751ADBA82ACC62F400CC736B /* TunnelConfiguration+WireGuardConfig.swift in Sources */,
				751ADC562ACD886400CC736B /* TunnelContainer.swift in Sources */,
				751ADC502ACD886400CC736B /* TunnelInterfaceModel.swift in Sources */,
				751ADC4D2ACD886400CC736B /* TunnelManager.swift in Sources */,
				2280CF9C2C624A7D00A95F03 /* Products.swift in Sources */,
				751ADC4E2ACD886400CC736B /* TunnelManagerType.swift in Sources */,
				751ADC532ACD886400CC736B /* TunnelModel.swift in Sources */,
				75B28B5A2AD5718C003BDD1D /* TunnelRouteCollection.swift in Sources */,
				2280CF9A2C623FF700A95F03 /* APIKeyModel.swift in Sources */,
				751ADC522ACD886400CC736B /* TunnelSavingError.swift in Sources */,
				751ADC582ACD886400CC736B /* TunnelsService.swift in Sources */,
				751ADC572ACD886400CC736B /* TunnelsServiceStatusDelegate.swift in Sources */,
				751ADC552ACD886400CC736B /* TunnelStatus.swift in Sources */,
				75B89F322AE1A69600B242B4 /* PaginationKeys.swift in Sources */,
				2262BD852BCD9DA700775193 /* DNSServerType.swift in Sources */,
				22627F162BCEAA0600A01884 /* ClipboardResponse.swift in Sources */,
				75B28B5D2AD57373003BDD1D /* TunnelStatusResponse.swift in Sources */,
				22C216732B31DEC10023824E /* ConnectionResponse.swift in Sources */,
				751ADBBB2ACC62F400CC736B /* UserDefaults+Ext.swift in Sources */,
				751ADC5A2ACD886400CC736B /* UserDefaultsStorageStrategy.swift in Sources */,
				751ADC922AD020BD00CC736B /* ViewController.swift in Sources */,
				228813AD2B7B9CBA00240DEE /* LogsService.swift in Sources */,
				22C216712B31BCD80023824E /* PostSessionRequest.swift in Sources */,
				751ADBAD2ACC62F400CC736B /* VMess.swift in Sources */,
				751ADBB02ACC62F400CC736B /* XConfiguration.swift in Sources */,
				751ADBBC2ACC62F400CC736B /* XConstant.swift in Sources */,
				751ADBAB2ACC62F400CC736B /* XEncryption.swift in Sources */,
				751ADBAC2ACC62F400CC736B /* XHeaderType.swift in Sources */,
				751ADBB62ACC62F400CC736B /* XLogModel.swift in Sources */,
				751ADBB52ACC62F400CC736B /* XModel.swift in Sources */,
				751ADBAE2ACC62F400CC736B /* XNetwork.swift in Sources */,
				751ADBB22ACC62F400CC736B /* XSecurity.swift in Sources */,
			);
			runOnlyForDeploymentPostprocessing = 0;
		};
		75BE9E992ACC522900C01064 /* Sources */ = {
			isa = PBXSourcesBuildPhase;
			buildActionMask = 2147483647;
			files = (
				751ADBD92ACC638800CC736B /* ALPN.swift in Sources */,
				751ADBD32ACC638800CC736B /* Bundle+Ext.swift in Sources */,
				751ADBE02ACC639B00CC736B /* Config.swift in Sources */,
				751ADBD82ACC638800CC736B /* Fingerprint.swift in Sources */,
				751ADBCB2ACC638800CC736B /* NetworkModel.swift in Sources */,
				751ADBC92ACC638800CC736B /* NSError+Ext.swift in Sources */,
				75BE9EA32ACC522900C01064 /* PacketTunnelProvider.swift in Sources */,
				751ADBD62ACC638800CC736B /* Route.swift in Sources */,
				751ADBC52ACC62FD00CC736B /* SniffingModel+Ext.swift in Sources */,
				751ADBD22ACC638800CC736B /* SniffingModel.swift in Sources */,
				751ADBCE2ACC638800CC736B /* StreamSettings.swift in Sources */,
				751ADBD42ACC638800CC736B /* UserDefaults+Ext.swift in Sources */,
				751ADBC82ACC638800CC736B /* VMess.swift in Sources */,
				751ADBC42ACC62FD00CC736B /* XConfiguration+Ext.swift in Sources */,
				751ADBCD2ACC638800CC736B /* XConfiguration.swift in Sources */,
				751ADBC32ACC62FD00CC736B /* XConstant+Ext.swift in Sources */,
				751ADBD52ACC638800CC736B /* XConstant.swift in Sources */,
				751ADBCC2ACC638800CC736B /* XEncryption.swift in Sources */,
				751ADBD02ACC638800CC736B /* XHeaderType.swift in Sources */,
				751ADBCA2ACC638800CC736B /* XLogModel.swift in Sources */,
				751ADBC72ACC62FD00CC736B /* XModel+Ext.swift in Sources */,
				751ADBD72ACC638800CC736B /* XModel.swift in Sources */,
				751ADBCF2ACC638800CC736B /* XNetwork.swift in Sources */,
				751ADBC62ACC62FD00CC736B /* XRouteModel+Ext.swift in Sources */,
				751ADBD12ACC638800CC736B /* XSecurity.swift in Sources */,
			);
			runOnlyForDeploymentPostprocessing = 0;
		};
		75BE9EAD2ACC523600C01064 /* Sources */ = {
			isa = PBXSourcesBuildPhase;
			buildActionMask = 2147483647;
			files = (
				751ADBE22ACC650600CC736B /* Bundle+Ext.swift in Sources */,
				751ADBE12ACC639C00CC736B /* Config.swift in Sources */,
				751ADBDD2ACC638D00CC736B /* ConfigurationParseError.swift in Sources */,
				751ADBDF2ACC639400CC736B /* Keychain.swift in Sources */,
				751ADBDB2ACC638D00CC736B /* NETunnelProviderProtocol+Extension.swift in Sources */,
				75BE9EB52ACC523600C01064 /* PacketTunnelProvider.swift in Sources */,
				751ADBDC2ACC638D00CC736B /* String+ArrayConversion.swift in Sources */,
				751ADBDA2ACC638D00CC736B /* TunnelConfiguration+WireGuardConfig.swift in Sources */,
			);
			runOnlyForDeploymentPostprocessing = 0;
		};
/* End PBXSourcesBuildPhase section */

/* Begin PBXTargetDependency section */
		75BE9EA72ACC522900C01064 /* PBXTargetDependency */ = {
			isa = PBXTargetDependency;
			target = 75BE9E9C2ACC522900C01064 /* V2RayExtension */;
			targetProxy = 75BE9EA62ACC522900C01064 /* PBXContainerItemProxy */;
		};
		75BE9EB92ACC523600C01064 /* PBXTargetDependency */ = {
			isa = PBXTargetDependency;
			target = 75BE9EB02ACC523600C01064 /* WireGuardExtension */;
			targetProxy = 75BE9EB82ACC523600C01064 /* PBXContainerItemProxy */;
		};
		75BE9EC42ACC540800C01064 /* PBXTargetDependency */ = {
			isa = PBXTargetDependency;
			target = 75BE9E952ACC521200C01064 /* WireGuardGoBridgeiOS */;
			targetProxy = 75BE9EC32ACC540800C01064 /* PBXContainerItemProxy */;
		};
/* End PBXTargetDependency section */

/* Begin PBXVariantGroup section */
		751ADCBB2AD023DC00CC736B /* Main.storyboard */ = {
			isa = PBXVariantGroup;
			children = (
				751ADCBC2AD023DC00CC736B /* Base */,
			);
			name = Main.storyboard;
			sourceTree = "<group>";
		};
		751ADCBE2AD023F800CC736B /* LaunchScreen.storyboard */ = {
			isa = PBXVariantGroup;
			children = (
				751ADCBF2AD023F800CC736B /* Base */,
			);
			name = LaunchScreen.storyboard;
			sourceTree = "<group>";
		};
/* End PBXVariantGroup section */

/* Begin XCBuildConfiguration section */
		75BE9E902ACACD2600C01064 /* Debug */ = {
			isa = XCBuildConfiguration;
			buildSettings = {
				ALWAYS_SEARCH_USER_PATHS = NO;
				ASSETCATALOG_COMPILER_GENERATE_SWIFT_ASSET_SYMBOL_EXTENSIONS = YES;
				CLANG_ANALYZER_NONNULL = YES;
				CLANG_ANALYZER_NUMBER_OBJECT_CONVERSION = YES_AGGRESSIVE;
				CLANG_CXX_LANGUAGE_STANDARD = "gnu++20";
				CLANG_ENABLE_MODULES = YES;
				CLANG_ENABLE_OBJC_ARC = YES;
				CLANG_ENABLE_OBJC_WEAK = YES;
				CLANG_WARN_BLOCK_CAPTURE_AUTORELEASING = YES;
				CLANG_WARN_BOOL_CONVERSION = YES;
				CLANG_WARN_COMMA = YES;
				CLANG_WARN_CONSTANT_CONVERSION = YES;
				CLANG_WARN_DEPRECATED_OBJC_IMPLEMENTATIONS = YES;
				CLANG_WARN_DIRECT_OBJC_ISA_USAGE = YES_ERROR;
				CLANG_WARN_DOCUMENTATION_COMMENTS = YES;
				CLANG_WARN_EMPTY_BODY = YES;
				CLANG_WARN_ENUM_CONVERSION = YES;
				CLANG_WARN_INFINITE_RECURSION = YES;
				CLANG_WARN_INT_CONVERSION = YES;
				CLANG_WARN_NON_LITERAL_NULL_CONVERSION = YES;
				CLANG_WARN_OBJC_IMPLICIT_RETAIN_SELF = YES;
				CLANG_WARN_OBJC_LITERAL_CONVERSION = YES;
				CLANG_WARN_OBJC_ROOT_CLASS = YES_ERROR;
				CLANG_WARN_QUOTED_INCLUDE_IN_FRAMEWORK_HEADER = YES;
				CLANG_WARN_RANGE_LOOP_ANALYSIS = YES;
				CLANG_WARN_STRICT_PROTOTYPES = YES;
				CLANG_WARN_SUSPICIOUS_MOVE = YES;
				CLANG_WARN_UNGUARDED_AVAILABILITY = YES_AGGRESSIVE;
				CLANG_WARN_UNREACHABLE_CODE = YES;
				CLANG_WARN__DUPLICATE_METHOD_MATCH = YES;
				COPY_PHASE_STRIP = NO;
				DEBUG_INFORMATION_FORMAT = dwarf;
				ENABLE_BITCODE = NO;
				ENABLE_STRICT_OBJC_MSGSEND = YES;
				ENABLE_TESTABILITY = YES;
				ENABLE_USER_SCRIPT_SANDBOXING = YES;
				GCC_C_LANGUAGE_STANDARD = gnu17;
				GCC_DYNAMIC_NO_PIC = NO;
				GCC_NO_COMMON_BLOCKS = YES;
				GCC_OPTIMIZATION_LEVEL = 0;
				GCC_PREPROCESSOR_DEFINITIONS = (
					"DEBUG=1",
					"$(inherited)",
				);
				GCC_WARN_64_TO_32_BIT_CONVERSION = YES;
				GCC_WARN_ABOUT_RETURN_TYPE = YES_ERROR;
				GCC_WARN_UNDECLARED_SELECTOR = YES;
				GCC_WARN_UNINITIALIZED_AUTOS = YES_AGGRESSIVE;
				GCC_WARN_UNUSED_FUNCTION = YES;
				GCC_WARN_UNUSED_VARIABLE = YES;
				IPHONEOS_DEPLOYMENT_TARGET = 16.0;
				LOCALIZATION_PREFERS_STRING_CATALOGS = YES;
				MTL_ENABLE_DEBUG_INFO = INCLUDE_SOURCE;
				MTL_FAST_MATH = YES;
				ONLY_ACTIVE_ARCH = YES;
				SDKROOT = iphoneos;
				SWIFT_ACTIVE_COMPILATION_CONDITIONS = "DEBUG $(inherited)";
				SWIFT_OPTIMIZATION_LEVEL = "-Onone";
			};
			name = Debug;
		};
		75BE9E912ACACD2600C01064 /* Release */ = {
			isa = XCBuildConfiguration;
			buildSettings = {
				ALWAYS_SEARCH_USER_PATHS = NO;
				ASSETCATALOG_COMPILER_GENERATE_SWIFT_ASSET_SYMBOL_EXTENSIONS = YES;
				CLANG_ANALYZER_NONNULL = YES;
				CLANG_ANALYZER_NUMBER_OBJECT_CONVERSION = YES_AGGRESSIVE;
				CLANG_CXX_LANGUAGE_STANDARD = "gnu++20";
				CLANG_ENABLE_MODULES = YES;
				CLANG_ENABLE_OBJC_ARC = YES;
				CLANG_ENABLE_OBJC_WEAK = YES;
				CLANG_WARN_BLOCK_CAPTURE_AUTORELEASING = YES;
				CLANG_WARN_BOOL_CONVERSION = YES;
				CLANG_WARN_COMMA = YES;
				CLANG_WARN_CONSTANT_CONVERSION = YES;
				CLANG_WARN_DEPRECATED_OBJC_IMPLEMENTATIONS = YES;
				CLANG_WARN_DIRECT_OBJC_ISA_USAGE = YES_ERROR;
				CLANG_WARN_DOCUMENTATION_COMMENTS = YES;
				CLANG_WARN_EMPTY_BODY = YES;
				CLANG_WARN_ENUM_CONVERSION = YES;
				CLANG_WARN_INFINITE_RECURSION = YES;
				CLANG_WARN_INT_CONVERSION = YES;
				CLANG_WARN_NON_LITERAL_NULL_CONVERSION = YES;
				CLANG_WARN_OBJC_IMPLICIT_RETAIN_SELF = YES;
				CLANG_WARN_OBJC_LITERAL_CONVERSION = YES;
				CLANG_WARN_OBJC_ROOT_CLASS = YES_ERROR;
				CLANG_WARN_QUOTED_INCLUDE_IN_FRAMEWORK_HEADER = YES;
				CLANG_WARN_RANGE_LOOP_ANALYSIS = YES;
				CLANG_WARN_STRICT_PROTOTYPES = YES;
				CLANG_WARN_SUSPICIOUS_MOVE = YES;
				CLANG_WARN_UNGUARDED_AVAILABILITY = YES_AGGRESSIVE;
				CLANG_WARN_UNREACHABLE_CODE = YES;
				CLANG_WARN__DUPLICATE_METHOD_MATCH = YES;
				COPY_PHASE_STRIP = NO;
				DEBUG_INFORMATION_FORMAT = "dwarf-with-dsym";
				ENABLE_BITCODE = NO;
				ENABLE_NS_ASSERTIONS = NO;
				ENABLE_STRICT_OBJC_MSGSEND = YES;
				ENABLE_USER_SCRIPT_SANDBOXING = YES;
				GCC_C_LANGUAGE_STANDARD = gnu17;
				GCC_NO_COMMON_BLOCKS = YES;
				GCC_WARN_64_TO_32_BIT_CONVERSION = YES;
				GCC_WARN_ABOUT_RETURN_TYPE = YES_ERROR;
				GCC_WARN_UNDECLARED_SELECTOR = YES;
				GCC_WARN_UNINITIALIZED_AUTOS = YES_AGGRESSIVE;
				GCC_WARN_UNUSED_FUNCTION = YES;
				GCC_WARN_UNUSED_VARIABLE = YES;
				IPHONEOS_DEPLOYMENT_TARGET = 16.0;
				LOCALIZATION_PREFERS_STRING_CATALOGS = YES;
				MTL_ENABLE_DEBUG_INFO = NO;
				MTL_FAST_MATH = YES;
				SDKROOT = iphoneos;
				SWIFT_COMPILATION_MODE = wholemodule;
				VALIDATE_PRODUCT = YES;
			};
			name = Release;
		};
		75BE9E932ACACD2600C01064 /* Debug */ = {
			isa = XCBuildConfiguration;
			buildSettings = {
				ALWAYS_EMBED_SWIFT_STANDARD_LIBRARIES = YES;
				ASSETCATALOG_COMPILER_APPICON_NAME = AppIcon;
				ASSETCATALOG_COMPILER_GLOBAL_ACCENT_COLOR_NAME = AccentColor;
				CLANG_CXX_LIBRARY = "libc++";
				CODE_SIGN_ENTITLEMENTS = WhitelabelSDK/WhitelabelSDK.entitlements;
				CODE_SIGN_STYLE = Automatic;
				CURRENT_PROJECT_VERSION = 1;
				DEVELOPMENT_ASSET_PATHS = "\"WhitelabelSDK/Preview Content\"";
				DEVELOPMENT_TEAM = 346ACXJVL8;
				ENABLE_PREVIEWS = YES;
				ENABLE_USER_SCRIPT_SANDBOXING = NO;
				GENERATE_INFOPLIST_FILE = YES;
				INFOPLIST_FILE = WhitelabelSDK/Info.plist;
				INFOPLIST_KEY_CFBundleDisplayName = SentinelShield;
				INFOPLIST_KEY_UIApplicationSupportsIndirectInputEvents = YES;
				INFOPLIST_KEY_UILaunchScreen_Generation = YES;
				INFOPLIST_KEY_UIRequiresFullScreen = YES;
				INFOPLIST_KEY_UISupportedInterfaceOrientations = UIInterfaceOrientationPortrait;
				IPHONEOS_DEPLOYMENT_TARGET = 16.0;
				LD_RUNPATH_SEARCH_PATHS = (
					"$(inherited)",
					"@executable_path/Frameworks",
				);
				MARKETING_VERSION = 1.0.0;
				PRODUCT_BUNDLE_IDENTIFIER = co.sentinel.shield;
				PRODUCT_NAME = "$(TARGET_NAME)";
				SUPPORTED_PLATFORMS = "iphoneos iphonesimulator";
				SUPPORTS_MACCATALYST = NO;
				SUPPORTS_MAC_DESIGNED_FOR_IPHONE_IPAD = YES;
				SUPPORTS_XR_DESIGNED_FOR_IPHONE_IPAD = NO;
				SWIFT_EMIT_LOC_STRINGS = YES;
				SWIFT_VERSION = 5.0;
				TARGETED_DEVICE_FAMILY = "1,2";
			};
			name = Debug;
		};
		75BE9E942ACACD2600C01064 /* Release */ = {
			isa = XCBuildConfiguration;
			buildSettings = {
				ALWAYS_EMBED_SWIFT_STANDARD_LIBRARIES = YES;
				ASSETCATALOG_COMPILER_APPICON_NAME = AppIcon;
				ASSETCATALOG_COMPILER_GLOBAL_ACCENT_COLOR_NAME = AccentColor;
				CLANG_CXX_LIBRARY = "libc++";
				CODE_SIGN_ENTITLEMENTS = WhitelabelSDK/WhitelabelSDK.entitlements;
				CODE_SIGN_STYLE = Automatic;
				CURRENT_PROJECT_VERSION = 1;
				DEVELOPMENT_ASSET_PATHS = "\"WhitelabelSDK/Preview Content\"";
				DEVELOPMENT_TEAM = 346ACXJVL8;
				ENABLE_PREVIEWS = YES;
				ENABLE_USER_SCRIPT_SANDBOXING = NO;
				GENERATE_INFOPLIST_FILE = YES;
				INFOPLIST_FILE = WhitelabelSDK/Info.plist;
				INFOPLIST_KEY_CFBundleDisplayName = SentinelShield;
				INFOPLIST_KEY_UIApplicationSupportsIndirectInputEvents = YES;
				INFOPLIST_KEY_UILaunchScreen_Generation = YES;
				INFOPLIST_KEY_UIRequiresFullScreen = YES;
				INFOPLIST_KEY_UISupportedInterfaceOrientations = UIInterfaceOrientationPortrait;
				IPHONEOS_DEPLOYMENT_TARGET = 16.0;
				LD_RUNPATH_SEARCH_PATHS = (
					"$(inherited)",
					"@executable_path/Frameworks",
				);
				MARKETING_VERSION = 1.0.0;
				PRODUCT_BUNDLE_IDENTIFIER = co.sentinel.shield;
				PRODUCT_NAME = "$(TARGET_NAME)";
				SUPPORTED_PLATFORMS = "iphoneos iphonesimulator";
				SUPPORTS_MACCATALYST = NO;
				SUPPORTS_MAC_DESIGNED_FOR_IPHONE_IPAD = YES;
				SUPPORTS_XR_DESIGNED_FOR_IPHONE_IPAD = NO;
				SWIFT_EMIT_LOC_STRINGS = YES;
				SWIFT_VERSION = 5.0;
				TARGETED_DEVICE_FAMILY = "1,2";
			};
			name = Release;
		};
		75BE9E972ACC521200C01064 /* Debug */ = {
			isa = XCBuildConfiguration;
			buildSettings = {
				CODE_SIGN_STYLE = Automatic;
				DEBUGGING_SYMBOLS = YES;
				DEBUG_INFORMATION_FORMAT = dwarf;
				DEVELOPMENT_TEAM = 5F44M2W7F4;
				GCC_GENERATE_DEBUGGING_SYMBOLS = YES;
				GCC_OPTIMIZATION_LEVEL = 0;
				OTHER_CFLAGS = "";
				OTHER_LDFLAGS = "";
				PATH = "${PATH}:/usr/local/go/bin";
				PRODUCT_NAME = "$(TARGET_NAME)";
			};
			name = Debug;
		};
		75BE9E982ACC521200C01064 /* Release */ = {
			isa = XCBuildConfiguration;
			buildSettings = {
				CODE_SIGN_STYLE = Automatic;
				DEBUG_INFORMATION_FORMAT = "dwarf-with-dsym";
				DEVELOPMENT_TEAM = 5F44M2W7F4;
				OTHER_CFLAGS = "";
				OTHER_LDFLAGS = "";
				PATH = "${PATH}:/usr/local/go/bin";
				PRODUCT_NAME = "$(TARGET_NAME)";
			};
			name = Release;
		};
		75BE9EAA2ACC522900C01064 /* Debug */ = {
			isa = XCBuildConfiguration;
			buildSettings = {
				CODE_SIGN_ENTITLEMENTS = V2RayExtension/V2RayExtension.entitlements;
				CODE_SIGN_STYLE = Automatic;
				CURRENT_PROJECT_VERSION = 1;
				DEVELOPMENT_TEAM = 346ACXJVL8;
				GENERATE_INFOPLIST_FILE = YES;
				INFOPLIST_FILE = V2RayExtension/Info.plist;
				INFOPLIST_KEY_CFBundleDisplayName = V2RayExtension;
				INFOPLIST_KEY_NSHumanReadableCopyright = "";
				IPHONEOS_DEPLOYMENT_TARGET = 16.0;
				LD_RUNPATH_SEARCH_PATHS = (
					"$(inherited)",
					"@executable_path/Frameworks",
					"@executable_path/../../Frameworks",
				);
				MARKETING_VERSION = 1.0;
				PRODUCT_BUNDLE_IDENTIFIER = "co.sentinel.shield.v2ray-ne";
				PRODUCT_NAME = "$(TARGET_NAME)";
				SKIP_INSTALL = YES;
				SUPPORTED_PLATFORMS = "iphoneos iphonesimulator";
				SUPPORTS_MACCATALYST = NO;
				SUPPORTS_MAC_DESIGNED_FOR_IPHONE_IPAD = NO;
				SWIFT_EMIT_LOC_STRINGS = YES;
				SWIFT_VERSION = 5.0;
				TARGETED_DEVICE_FAMILY = "1,2";
			};
			name = Debug;
		};
		75BE9EAB2ACC522900C01064 /* Release */ = {
			isa = XCBuildConfiguration;
			buildSettings = {
				CODE_SIGN_ENTITLEMENTS = V2RayExtension/V2RayExtension.entitlements;
				CODE_SIGN_STYLE = Automatic;
				CURRENT_PROJECT_VERSION = 1;
				DEVELOPMENT_TEAM = 346ACXJVL8;
				GENERATE_INFOPLIST_FILE = YES;
				INFOPLIST_FILE = V2RayExtension/Info.plist;
				INFOPLIST_KEY_CFBundleDisplayName = V2RayExtension;
				INFOPLIST_KEY_NSHumanReadableCopyright = "";
				IPHONEOS_DEPLOYMENT_TARGET = 16.0;
				LD_RUNPATH_SEARCH_PATHS = (
					"$(inherited)",
					"@executable_path/Frameworks",
					"@executable_path/../../Frameworks",
				);
				MARKETING_VERSION = 1.0;
				PRODUCT_BUNDLE_IDENTIFIER = "co.sentinel.shield.v2ray-ne";
				PRODUCT_NAME = "$(TARGET_NAME)";
				SKIP_INSTALL = YES;
				SUPPORTED_PLATFORMS = "iphoneos iphonesimulator";
				SUPPORTS_MACCATALYST = NO;
				SUPPORTS_MAC_DESIGNED_FOR_IPHONE_IPAD = NO;
				SWIFT_EMIT_LOC_STRINGS = YES;
				SWIFT_VERSION = 5.0;
				TARGETED_DEVICE_FAMILY = "1,2";
			};
			name = Release;
		};
		75BE9EBC2ACC523600C01064 /* Debug */ = {
			isa = XCBuildConfiguration;
			buildSettings = {
				CODE_SIGN_ENTITLEMENTS = WireGuardExtension/WireGuardExtension.entitlements;
				CODE_SIGN_STYLE = Automatic;
				CURRENT_PROJECT_VERSION = 1;
				DEVELOPMENT_TEAM = 346ACXJVL8;
				GENERATE_INFOPLIST_FILE = YES;
				INFOPLIST_FILE = WireGuardExtension/Info.plist;
				INFOPLIST_KEY_CFBundleDisplayName = WireGuardExtension;
				INFOPLIST_KEY_NSHumanReadableCopyright = "";
				IPHONEOS_DEPLOYMENT_TARGET = 16.0;
				LD_RUNPATH_SEARCH_PATHS = (
					"$(inherited)",
					"@executable_path/Frameworks",
					"@executable_path/../../Frameworks",
				);
				MARKETING_VERSION = 1.0;
				PRODUCT_BUNDLE_IDENTIFIER = "co.sentinel.shield.wireguard-ne";
				PRODUCT_NAME = "$(TARGET_NAME)";
				SKIP_INSTALL = YES;
				SUPPORTED_PLATFORMS = "iphoneos iphonesimulator";
				SUPPORTS_MACCATALYST = NO;
				SUPPORTS_MAC_DESIGNED_FOR_IPHONE_IPAD = NO;
				SWIFT_EMIT_LOC_STRINGS = YES;
				SWIFT_VERSION = 5.0;
				TARGETED_DEVICE_FAMILY = "1,2";
			};
			name = Debug;
		};
		75BE9EBD2ACC523600C01064 /* Release */ = {
			isa = XCBuildConfiguration;
			buildSettings = {
				CODE_SIGN_ENTITLEMENTS = WireGuardExtension/WireGuardExtension.entitlements;
				CODE_SIGN_STYLE = Automatic;
				CURRENT_PROJECT_VERSION = 1;
				DEVELOPMENT_TEAM = 346ACXJVL8;
				GENERATE_INFOPLIST_FILE = YES;
				INFOPLIST_FILE = WireGuardExtension/Info.plist;
				INFOPLIST_KEY_CFBundleDisplayName = WireGuardExtension;
				INFOPLIST_KEY_NSHumanReadableCopyright = "";
				IPHONEOS_DEPLOYMENT_TARGET = 16.0;
				LD_RUNPATH_SEARCH_PATHS = (
					"$(inherited)",
					"@executable_path/Frameworks",
					"@executable_path/../../Frameworks",
				);
				MARKETING_VERSION = 1.0;
				PRODUCT_BUNDLE_IDENTIFIER = "co.sentinel.shield.wireguard-ne";
				PRODUCT_NAME = "$(TARGET_NAME)";
				SKIP_INSTALL = YES;
				SUPPORTED_PLATFORMS = "iphoneos iphonesimulator";
				SUPPORTS_MACCATALYST = NO;
				SUPPORTS_MAC_DESIGNED_FOR_IPHONE_IPAD = NO;
				SWIFT_EMIT_LOC_STRINGS = YES;
				SWIFT_VERSION = 5.0;
				TARGETED_DEVICE_FAMILY = "1,2";
			};
			name = Release;
		};
/* End XCBuildConfiguration section */

/* Begin XCConfigurationList section */
		75BE9E7F2ACACD2500C01064 /* Build configuration list for PBXProject "WhitelabelSDK" */ = {
			isa = XCConfigurationList;
			buildConfigurations = (
				75BE9E902ACACD2600C01064 /* Debug */,
				75BE9E912ACACD2600C01064 /* Release */,
			);
			defaultConfigurationIsVisible = 0;
			defaultConfigurationName = Release;
		};
		75BE9E922ACACD2600C01064 /* Build configuration list for PBXNativeTarget "WhitelabelSDK" */ = {
			isa = XCConfigurationList;
			buildConfigurations = (
				75BE9E932ACACD2600C01064 /* Debug */,
				75BE9E942ACACD2600C01064 /* Release */,
			);
			defaultConfigurationIsVisible = 0;
			defaultConfigurationName = Release;
		};
		75BE9E962ACC521200C01064 /* Build configuration list for PBXLegacyTarget "WireGuardGoBridgeiOS" */ = {
			isa = XCConfigurationList;
			buildConfigurations = (
				75BE9E972ACC521200C01064 /* Debug */,
				75BE9E982ACC521200C01064 /* Release */,
			);
			defaultConfigurationIsVisible = 0;
			defaultConfigurationName = Release;
		};
		75BE9EA92ACC522900C01064 /* Build configuration list for PBXNativeTarget "V2RayExtension" */ = {
			isa = XCConfigurationList;
			buildConfigurations = (
				75BE9EAA2ACC522900C01064 /* Debug */,
				75BE9EAB2ACC522900C01064 /* Release */,
			);
			defaultConfigurationIsVisible = 0;
			defaultConfigurationName = Release;
		};
		75BE9EBB2ACC523600C01064 /* Build configuration list for PBXNativeTarget "WireGuardExtension" */ = {
			isa = XCConfigurationList;
			buildConfigurations = (
				75BE9EBC2ACC523600C01064 /* Debug */,
				75BE9EBD2ACC523600C01064 /* Release */,
			);
			defaultConfigurationIsVisible = 0;
			defaultConfigurationName = Release;
		};
/* End XCConfigurationList section */

/* Begin XCRemoteSwiftPackageReference section */
		2280CF922C623CF600A95F03 /* XCRemoteSwiftPackageReference "purchases-ios-spm" */ = {
			isa = XCRemoteSwiftPackageReference;
			repositoryURL = "https://github.com/RevenueCat/purchases-ios-spm.git";
			requirement = {
				kind = upToNextMajorVersion;
				minimumVersion = 5.2.2;
			};
		};
		22C96ACE2B03C7C40010CC0D /* XCRemoteSwiftPackageReference "Tun2SocksKit" */ = {
			isa = XCRemoteSwiftPackageReference;
			repositoryURL = "https://github.com/solarlabsteam/Tun2SocksKit";
			requirement = {
				branch = xcframework;
				kind = branch;
			};
		};
		751ADB742ACC60DC00CC736B /* XCRemoteSwiftPackageReference "KeychainAccess" */ = {
			isa = XCRemoteSwiftPackageReference;
			repositoryURL = "https://github.com/kishikawakatsumi/KeychainAccess.git";
			requirement = {
				branch = master;
				kind = branch;
			};
		};
		751ADB7A2ACC610500CC736B /* XCRemoteSwiftPackageReference "SwiftyBeaver" */ = {
			isa = XCRemoteSwiftPackageReference;
			repositoryURL = "https://github.com/SwiftyBeaver/SwiftyBeaver.git";
			requirement = {
				kind = upToNextMajorVersion;
				minimumVersion = 2.0.0;
			};
		};
		751ADBE32ACC664E00CC736B /* XCRemoteSwiftPackageReference "vapor" */ = {
			isa = XCRemoteSwiftPackageReference;
			repositoryURL = "https://github.com/vapor/vapor";
			requirement = {
				kind = upToNextMinorVersion;
				minimumVersion = 4.89.3;
			};
		};
		75B89F2A2AE1A53D00B242B4 /* XCRemoteSwiftPackageReference "sentinel-wallet-sdk-ios" */ = {
			isa = XCRemoteSwiftPackageReference;
			repositoryURL = "https://github.com/solarlabsteam/sentinel-wallet-sdk-ios";
			requirement = {
				branch = develop;
				kind = branch;
			};
		};
		75BE9EBE2ACC539900C01064 /* XCRemoteSwiftPackageReference "wireguard-apple" */ = {
			isa = XCRemoteSwiftPackageReference;
			repositoryURL = "https://github.com/lika-vorobeva/wireguard-apple";
			requirement = {
				branch = "fix-package";
				kind = branch;
			};
		};
/* End XCRemoteSwiftPackageReference section */

/* Begin XCSwiftPackageProductDependency section */
		2280CF932C623CF600A95F03 /* RevenueCat */ = {
			isa = XCSwiftPackageProductDependency;
			package = 2280CF922C623CF600A95F03 /* XCRemoteSwiftPackageReference "purchases-ios-spm" */;
			productName = RevenueCat;
		};
		22C96ACF2B03C7C40010CC0D /* Tun2SocksKit */ = {
			isa = XCSwiftPackageProductDependency;
			package = 22C96ACE2B03C7C40010CC0D /* XCRemoteSwiftPackageReference "Tun2SocksKit" */;
			productName = Tun2SocksKit;
		};
		751ADB6C2ACC5E3600CC736B /* WireGuardKit */ = {
			isa = XCSwiftPackageProductDependency;
			package = 75BE9EBE2ACC539900C01064 /* XCRemoteSwiftPackageReference "wireguard-apple" */;
			productName = WireGuardKit;
		};
		751ADB752ACC60DC00CC736B /* KeychainAccess */ = {
			isa = XCSwiftPackageProductDependency;
			package = 751ADB742ACC60DC00CC736B /* XCRemoteSwiftPackageReference "KeychainAccess" */;
			productName = KeychainAccess;
		};
		751ADB7B2ACC610500CC736B /* SwiftyBeaver */ = {
			isa = XCSwiftPackageProductDependency;
			package = 751ADB7A2ACC610500CC736B /* XCRemoteSwiftPackageReference "SwiftyBeaver" */;
			productName = SwiftyBeaver;
		};
		751ADB812ACC61C000CC736B /* SwiftyBeaver */ = {
			isa = XCSwiftPackageProductDependency;
			package = 751ADB7A2ACC610500CC736B /* XCRemoteSwiftPackageReference "SwiftyBeaver" */;
			productName = SwiftyBeaver;
		};
		751ADB832ACC61CB00CC736B /* SwiftyBeaver */ = {
			isa = XCSwiftPackageProductDependency;
			package = 751ADB7A2ACC610500CC736B /* XCRemoteSwiftPackageReference "SwiftyBeaver" */;
			productName = SwiftyBeaver;
		};
		751ADBE42ACC664E00CC736B /* Vapor */ = {
			isa = XCSwiftPackageProductDependency;
			package = 751ADBE32ACC664E00CC736B /* XCRemoteSwiftPackageReference "vapor" */;
			productName = Vapor;
		};
		75B89F2B2AE1A53D00B242B4 /* SentinelWallet */ = {
			isa = XCSwiftPackageProductDependency;
			package = 75B89F2A2AE1A53D00B242B4 /* XCRemoteSwiftPackageReference "sentinel-wallet-sdk-ios" */;
			productName = SentinelWallet;
		};
		75BE9EC12ACC53FB00C01064 /* WireGuardKit */ = {
			isa = XCSwiftPackageProductDependency;
			package = 75BE9EBE2ACC539900C01064 /* XCRemoteSwiftPackageReference "wireguard-apple" */;
			productName = WireGuardKit;
		};
/* End XCSwiftPackageProductDependency section */
	};
	rootObject = 75BE9E7C2ACACD2500C01064 /* Project object */;
}
